{
    "version": 3,
    "terraform_version": "0.11.8",
    "serial": 16,
    "lineage": "982e629a-f621-49df-af47-bdd764bbfe61",
    "modules": [
        {
            "path": [
                "root"
            ],
            "outputs": {},
            "resources": {
                "data.http.my_ip": {
                    "type": "http",
                    "depends_on": [],
                    "primary": {
                        "id": "2018-10-06 01:44:00.177948017 +0000 UTC",
                        "attributes": {
                            "body": "74.78.41.33\n",
                            "id": "2018-10-06 01:44:00.177948017 +0000 UTC",
                            "url": "http://icanhazip.com"
                        },
                        "meta": {},
                        "tainted": false
                    },
                    "deposed": [],
                    "provider": "provider.http"
                }
            },
            "depends_on": []
        },
        {
            "path": [
                "root",
                "snowplow"
            ],
            "outputs": {},
            "resources": {
                "aws_alb.alb": {
                    "type": "aws_alb",
                    "depends_on": [
                        "aws_security_group.lb_sg"
                    ],
                    "primary": {
                        "id": "arn:aws:elasticloadbalancing:us-east-1:329442876070:loadbalancer/app/prod-snowplow-alb/e8f72057f168ece6",
                        "attributes": {
                            "access_logs.#": "0",
                            "arn": "arn:aws:elasticloadbalancing:us-east-1:329442876070:loadbalancer/app/prod-snowplow-alb/e8f72057f168ece6",
                            "arn_suffix": "app/prod-snowplow-alb/e8f72057f168ece6",
                            "dns_name": "prod-snowplow-alb-168596932.us-east-1.elb.amazonaws.com",
                            "enable_deletion_protection": "false",
                            "enable_http2": "true",
                            "id": "arn:aws:elasticloadbalancing:us-east-1:329442876070:loadbalancer/app/prod-snowplow-alb/e8f72057f168ece6",
                            "idle_timeout": "60",
                            "internal": "false",
                            "ip_address_type": "ipv4",
                            "load_balancer_type": "application",
                            "name": "prod-snowplow-alb",
                            "security_groups.#": "1",
                            "security_groups.3881869028": "sg-099d4640a8951e888",
                            "subnet_mapping.#": "0",
                            "subnets.#": "2",
                            "subnets.2035251594": "subnet-073c5989413552a76",
                            "subnets.3144509331": "subnet-05eb58b4d69d1fdce",
                            "tags.%": "0",
                            "vpc_id": "vpc-0c92f97dc54a89514",
                            "zone_id": "Z35SXDOTRQ7X7K"
                        },
                        "meta": {
                            "e2bfb730-ecaa-11e6-8f88-34363bc7c4c0": {
                                "create": 600000000000,
                                "delete": 600000000000,
                                "update": 600000000000
                            }
                        },
                        "tainted": false
                    },
                    "deposed": [],
                    "provider": "provider.aws"
                },
                "aws_alb_listener.alb_listener": {
                    "type": "aws_alb_listener",
                    "depends_on": [
                        "aws_alb.alb",
                        "aws_alb_target_group.alb_target_grp"
                    ],
                    "primary": {
                        "id": "arn:aws:elasticloadbalancing:us-east-1:329442876070:listener/app/prod-snowplow-alb/e8f72057f168ece6/0c77712bc7a14999",
                        "attributes": {
                            "arn": "arn:aws:elasticloadbalancing:us-east-1:329442876070:listener/app/prod-snowplow-alb/e8f72057f168ece6/0c77712bc7a14999",
                            "default_action.#": "1",
                            "default_action.0.fixed_response.#": "0",
                            "default_action.0.redirect.#": "0",
                            "default_action.0.target_group_arn": "arn:aws:elasticloadbalancing:us-east-1:329442876070:targetgroup/prod-snowplow-lb-target-group/5db63a948d8e4cbf",
                            "default_action.0.type": "forward",
                            "id": "arn:aws:elasticloadbalancing:us-east-1:329442876070:listener/app/prod-snowplow-alb/e8f72057f168ece6/0c77712bc7a14999",
                            "load_balancer_arn": "arn:aws:elasticloadbalancing:us-east-1:329442876070:loadbalancer/app/prod-snowplow-alb/e8f72057f168ece6",
                            "port": "80",
                            "protocol": "HTTP",
                            "ssl_policy": ""
                        },
                        "meta": {},
                        "tainted": false
                    },
                    "deposed": [],
                    "provider": "provider.aws"
                },
                "aws_alb_target_group.alb_target_grp": {
                    "type": "aws_alb_target_group",
                    "depends_on": [],
                    "primary": {
                        "id": "arn:aws:elasticloadbalancing:us-east-1:329442876070:targetgroup/prod-snowplow-lb-target-group/5db63a948d8e4cbf",
                        "attributes": {
                            "arn": "arn:aws:elasticloadbalancing:us-east-1:329442876070:targetgroup/prod-snowplow-lb-target-group/5db63a948d8e4cbf",
                            "arn_suffix": "targetgroup/prod-snowplow-lb-target-group/5db63a948d8e4cbf",
                            "deregistration_delay": "300",
                            "health_check.#": "1",
                            "health_check.0.healthy_threshold": "2",
                            "health_check.0.interval": "30",
                            "health_check.0.matcher": "200",
                            "health_check.0.path": "/health",
                            "health_check.0.port": "8080",
                            "health_check.0.protocol": "HTTP",
                            "health_check.0.timeout": "3",
                            "health_check.0.unhealthy_threshold": "2",
                            "id": "arn:aws:elasticloadbalancing:us-east-1:329442876070:targetgroup/prod-snowplow-lb-target-group/5db63a948d8e4cbf",
                            "name": "prod-snowplow-lb-target-group",
                            "port": "8080",
                            "protocol": "HTTP",
                            "proxy_protocol_v2": "false",
                            "slow_start": "0",
                            "stickiness.#": "1",
                            "stickiness.0.cookie_duration": "1800",
                            "stickiness.0.enabled": "true",
                            "stickiness.0.type": "lb_cookie",
                            "tags.%": "0",
                            "target_type": "instance",
                            "vpc_id": "vpc-0c92f97dc54a89514"
                        },
                        "meta": {},
                        "tainted": false
                    },
                    "deposed": [],
                    "provider": "provider.aws"
                },
                "aws_alb_target_group_attachment.collector_alb_attachment.0": {
                    "type": "aws_alb_target_group_attachment",
                    "depends_on": [
                        "aws_alb_target_group.alb_target_grp",
                        "aws_instance.collector.*"
                    ],
                    "primary": {
                        "id": "arn:aws:elasticloadbalancing:us-east-1:329442876070:targetgroup/prod-snowplow-lb-target-group/5db63a948d8e4cbf-20181006014501115400000002",
                        "attributes": {
                            "id": "arn:aws:elasticloadbalancing:us-east-1:329442876070:targetgroup/prod-snowplow-lb-target-group/5db63a948d8e4cbf-20181006014501115400000002",
                            "port": "8080",
                            "target_group_arn": "arn:aws:elasticloadbalancing:us-east-1:329442876070:targetgroup/prod-snowplow-lb-target-group/5db63a948d8e4cbf",
                            "target_id": "i-088712d1d0a859e79"
                        },
                        "meta": {},
                        "tainted": false
                    },
                    "deposed": [],
                    "provider": "provider.aws"
                },
                "aws_alb_target_group_attachment.collector_alb_attachment.1": {
                    "type": "aws_alb_target_group_attachment",
                    "depends_on": [
                        "aws_alb_target_group.alb_target_grp",
                        "aws_instance.collector.*"
                    ],
                    "primary": {
                        "id": "arn:aws:elasticloadbalancing:us-east-1:329442876070:targetgroup/prod-snowplow-lb-target-group/5db63a948d8e4cbf-20181006014501054300000001",
                        "attributes": {
                            "id": "arn:aws:elasticloadbalancing:us-east-1:329442876070:targetgroup/prod-snowplow-lb-target-group/5db63a948d8e4cbf-20181006014501054300000001",
                            "port": "8080",
                            "target_group_arn": "arn:aws:elasticloadbalancing:us-east-1:329442876070:targetgroup/prod-snowplow-lb-target-group/5db63a948d8e4cbf",
                            "target_id": "i-0cb569fcf28323258"
                        },
                        "meta": {},
                        "tainted": false
                    },
                    "deposed": [],
                    "provider": "provider.aws"
                },
                "aws_eip.collector_eip.0": {
                    "type": "aws_eip",
                    "depends_on": [
                        "aws_instance.collector.*"
                    ],
                    "primary": {
                        "id": "eipalloc-0d1b31b42c5d0bd90",
                        "attributes": {
                            "association_id": "eipassoc-0e019f645e0a826a8",
                            "domain": "vpc",
                            "id": "eipalloc-0d1b31b42c5d0bd90",
                            "instance": "i-088712d1d0a859e79",
                            "network_interface": "eni-09d8ba62b8a17588e",
                            "private_ip": "10.0.0.116",
                            "public_ip": "54.242.185.109",
                            "tags.%": "3",
                            "tags.Env": "prod",
                            "tags.Name": "prod-snowplow-collector-1-eip",
                            "tags.System": "snowplow",
                            "vpc": "true"
                        },
                        "meta": {
                            "e2bfb730-ecaa-11e6-8f88-34363bc7c4c0": {
                                "delete": 180000000000,
                                "read": 900000000000,
                                "update": 300000000000
                            }
                        },
                        "tainted": false
                    },
                    "deposed": [],
                    "provider": "provider.aws"
                },
                "aws_eip.collector_eip.1": {
                    "type": "aws_eip",
                    "depends_on": [
                        "aws_instance.collector.*"
                    ],
                    "primary": {
                        "id": "eipalloc-0639fbf430f14c83b",
                        "attributes": {
                            "association_id": "eipassoc-035ca55d4e12283db",
                            "domain": "vpc",
                            "id": "eipalloc-0639fbf430f14c83b",
                            "instance": "i-0cb569fcf28323258",
                            "network_interface": "eni-03529bf32123df069",
                            "private_ip": "10.0.1.252",
                            "public_ip": "54.163.189.244",
                            "tags.%": "3",
                            "tags.Env": "prod",
                            "tags.Name": "prod-snowplow-collector-2-eip",
                            "tags.System": "snowplow",
                            "vpc": "true"
                        },
                        "meta": {
                            "e2bfb730-ecaa-11e6-8f88-34363bc7c4c0": {
                                "delete": 180000000000,
                                "read": 900000000000,
                                "update": 300000000000
                            }
                        },
                        "tainted": false
                    },
                    "deposed": [],
                    "provider": "provider.aws"
                },
                "aws_iam_access_key.operator_key": {
                    "type": "aws_iam_access_key",
                    "depends_on": [
                        "aws_iam_user.operator"
                    ],
                    "primary": {
                        "id": "AKIAIKRBBFMVULD3CJLQ",
                        "attributes": {
                            "id": "AKIAIKRBBFMVULD3CJLQ",
                            "secret": "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",
                            "ses_smtp_password": "AuxH3c2IoUbwmF2mst0lhpZ3M3OSKe/DcjmvPTSDnHni",
                            "status": "Active",
                            "user": "prod-snowplow-operator"
                        },
                        "meta": {},
                        "tainted": false
                    },
                    "deposed": [],
                    "provider": "provider.aws"
                },
                "aws_iam_user.operator": {
                    "type": "aws_iam_user",
                    "depends_on": [],
                    "primary": {
                        "id": "prod-snowplow-operator",
                        "attributes": {
                            "arn": "arn:aws:iam::329442876070:user/prod-snowplow-operator",
                            "force_destroy": "false",
                            "id": "prod-snowplow-operator",
                            "name": "prod-snowplow-operator",
                            "path": "/",
                            "unique_id": "AIDAIMAYLSUM75PH62KI4"
                        },
                        "meta": {},
                        "tainted": false
                    },
                    "deposed": [],
                    "provider": "provider.aws"
                },
                "aws_iam_user_policy.operator_policy": {
                    "type": "aws_iam_user_policy",
                    "depends_on": [
                        "aws_iam_user.operator"
                    ],
                    "primary": {
                        "id": "prod-snowplow-operator:prod-snowplow-operator_iam_policy",
                        "attributes": {
                            "id": "prod-snowplow-operator:prod-snowplow-operator_iam_policy",
                            "name": "prod-snowplow-operator_iam_policy",
                            "policy": "{\n    \"Version\": \"2012-10-17\",\n    \"Statement\": [\n        {\n            \"Action\": [\n                \"kinesis:*\"\n            ],\n            \"Effect\": \"Allow\",\n            \"Resource\": \"*\"\n        },\n        {\n            \"Action\": [\n                \"dynamodb:*\"\n            ],\n            \"Effect\": \"Allow\",\n            \"Resource\": \"*\"\n        },\n        {\n            \"Action\": [\n                \"s3:*\"\n            ],\n            \"Effect\": \"Allow\",\n            \"Resource\": \"*\"\n        },\n        {\n            \"Action\": [\n                \"cloudwatch:*\"\n            ],\n            \"Effect\": \"Allow\",\n            \"Resource\": \"*\"\n        }\n    ]\n}\n",
                            "user": "prod-snowplow-operator"
                        },
                        "meta": {},
                        "tainted": false
                    },
                    "deposed": [],
                    "provider": "provider.aws"
                },
                "aws_instance.collector.0": {
                    "type": "aws_instance",
                    "depends_on": [],
                    "primary": {
                        "id": "i-088712d1d0a859e79",
                        "attributes": {
                            "ami": "ami-059eeca93cf09eebd",
                            "arn": "arn:aws:ec2:us-east-1:329442876070:instance/i-088712d1d0a859e79",
                            "associate_public_ip_address": "true",
                            "availability_zone": "us-east-1a",
                            "cpu_core_count": "1",
                            "cpu_threads_per_core": "1",
                            "credit_specification.#": "1",
                            "credit_specification.0.cpu_credits": "standard",
                            "disable_api_termination": "false",
                            "ebs_block_device.#": "0",
                            "ebs_optimized": "false",
                            "ephemeral_block_device.#": "0",
                            "get_password_data": "false",
                            "iam_instance_profile": "",
                            "id": "i-088712d1d0a859e79",
                            "instance_state": "running",
                            "instance_type": "t2.small",
                            "ipv6_addresses.#": "0",
                            "key_name": "snowplow_prod",
                            "monitoring": "false",
                            "network_interface.#": "0",
                            "network_interface_id": "eni-09d8ba62b8a17588e",
                            "password_data": "",
                            "placement_group": "",
                            "primary_network_interface_id": "eni-09d8ba62b8a17588e",
                            "private_dns": "ip-10-0-0-116.ec2.internal",
                            "private_ip": "10.0.0.116",
                            "public_dns": "",
                            "public_ip": "35.173.130.89",
                            "root_block_device.#": "1",
                            "root_block_device.0.delete_on_termination": "true",
                            "root_block_device.0.iops": "0",
                            "root_block_device.0.volume_id": "vol-0d8c9da73c2db24a3",
                            "root_block_device.0.volume_size": "50",
                            "root_block_device.0.volume_type": "standard",
                            "security_groups.#": "0",
                            "source_dest_check": "true",
                            "subnet_id": "subnet-05eb58b4d69d1fdce",
                            "tags.%": "3",
                            "tags.Env": "prod",
                            "tags.Name": "prod-snowplow-collector-1",
                            "tags.System": "snowplow",
                            "tenancy": "default",
                            "user_data": "42f35097279c803d81ce56bfdff97b1d8857cb21",
                            "volume_tags.%": "0",
                            "vpc_security_group_ids.#": "1",
                            "vpc_security_group_ids.3563531613": "sg-033e7482bb8b9c716"
                        },
                        "meta": {
                            "e2bfb730-ecaa-11e6-8f88-34363bc7c4c0": {
                                "create": 600000000000,
                                "delete": 1200000000000,
                                "update": 600000000000
                            },
                            "schema_version": "1"
                        },
                        "tainted": false
                    },
                    "deposed": [],
                    "provider": "provider.aws"
                },
                "aws_instance.collector.1": {
                    "type": "aws_instance",
                    "depends_on": [],
                    "primary": {
                        "id": "i-0cb569fcf28323258",
                        "attributes": {
                            "ami": "ami-059eeca93cf09eebd",
                            "arn": "arn:aws:ec2:us-east-1:329442876070:instance/i-0cb569fcf28323258",
                            "associate_public_ip_address": "true",
                            "availability_zone": "us-east-1b",
                            "cpu_core_count": "1",
                            "cpu_threads_per_core": "1",
                            "credit_specification.#": "1",
                            "credit_specification.0.cpu_credits": "standard",
                            "disable_api_termination": "false",
                            "ebs_block_device.#": "0",
                            "ebs_optimized": "false",
                            "ephemeral_block_device.#": "0",
                            "get_password_data": "false",
                            "iam_instance_profile": "",
                            "id": "i-0cb569fcf28323258",
                            "instance_state": "running",
                            "instance_type": "t2.small",
                            "ipv6_addresses.#": "0",
                            "key_name": "snowplow_prod",
                            "monitoring": "false",
                            "network_interface.#": "0",
                            "network_interface_id": "eni-03529bf32123df069",
                            "password_data": "",
                            "placement_group": "",
                            "primary_network_interface_id": "eni-03529bf32123df069",
                            "private_dns": "ip-10-0-1-252.ec2.internal",
                            "private_ip": "10.0.1.252",
                            "public_dns": "",
                            "public_ip": "18.209.247.72",
                            "root_block_device.#": "1",
                            "root_block_device.0.delete_on_termination": "true",
                            "root_block_device.0.iops": "0",
                            "root_block_device.0.volume_id": "vol-0be803c90503049f6",
                            "root_block_device.0.volume_size": "50",
                            "root_block_device.0.volume_type": "standard",
                            "security_groups.#": "0",
                            "source_dest_check": "true",
                            "subnet_id": "subnet-073c5989413552a76",
                            "tags.%": "3",
                            "tags.Env": "prod",
                            "tags.Name": "prod-snowplow-collector-2",
                            "tags.System": "snowplow",
                            "tenancy": "default",
                            "user_data": "42f35097279c803d81ce56bfdff97b1d8857cb21",
                            "volume_tags.%": "0",
                            "vpc_security_group_ids.#": "1",
                            "vpc_security_group_ids.3563531613": "sg-033e7482bb8b9c716"
                        },
                        "meta": {
                            "e2bfb730-ecaa-11e6-8f88-34363bc7c4c0": {
                                "create": 600000000000,
                                "delete": 1200000000000,
                                "update": 600000000000
                            },
                            "schema_version": "1"
                        },
                        "tainted": false
                    },
                    "deposed": [],
                    "provider": "provider.aws"
                },
                "aws_security_group.instance_http_sg": {
                    "type": "aws_security_group",
                    "depends_on": [
                        "aws_security_group.lb_sg"
                    ],
                    "primary": {
                        "id": "sg-033e7482bb8b9c716",
                        "attributes": {
                            "arn": "arn:aws:ec2:us-east-1:329442876070:security-group/sg-033e7482bb8b9c716",
                            "description": "Access control for instances that listen on http port",
                            "egress.#": "1",
                            "egress.482069346.cidr_blocks.#": "1",
                            "egress.482069346.cidr_blocks.0": "0.0.0.0/0",
                            "egress.482069346.description": "",
                            "egress.482069346.from_port": "0",
                            "egress.482069346.ipv6_cidr_blocks.#": "0",
                            "egress.482069346.prefix_list_ids.#": "0",
                            "egress.482069346.protocol": "-1",
                            "egress.482069346.security_groups.#": "0",
                            "egress.482069346.self": "false",
                            "egress.482069346.to_port": "0",
                            "id": "sg-033e7482bb8b9c716",
                            "ingress.#": "3",
                            "ingress.1022656341.cidr_blocks.#": "1",
                            "ingress.1022656341.cidr_blocks.0": "74.78.41.33/32",
                            "ingress.1022656341.description": "",
                            "ingress.1022656341.from_port": "22",
                            "ingress.1022656341.ipv6_cidr_blocks.#": "0",
                            "ingress.1022656341.prefix_list_ids.#": "0",
                            "ingress.1022656341.protocol": "tcp",
                            "ingress.1022656341.security_groups.#": "0",
                            "ingress.1022656341.self": "false",
                            "ingress.1022656341.to_port": "22",
                            "ingress.3965103398.cidr_blocks.#": "1",
                            "ingress.3965103398.cidr_blocks.0": "74.78.41.33/32",
                            "ingress.3965103398.description": "",
                            "ingress.3965103398.from_port": "8080",
                            "ingress.3965103398.ipv6_cidr_blocks.#": "0",
                            "ingress.3965103398.prefix_list_ids.#": "0",
                            "ingress.3965103398.protocol": "tcp",
                            "ingress.3965103398.security_groups.#": "0",
                            "ingress.3965103398.self": "false",
                            "ingress.3965103398.to_port": "8080",
                            "ingress.905663561.cidr_blocks.#": "0",
                            "ingress.905663561.description": "",
                            "ingress.905663561.from_port": "8080",
                            "ingress.905663561.ipv6_cidr_blocks.#": "0",
                            "ingress.905663561.prefix_list_ids.#": "0",
                            "ingress.905663561.protocol": "tcp",
                            "ingress.905663561.security_groups.#": "1",
                            "ingress.905663561.security_groups.3881869028": "sg-099d4640a8951e888",
                            "ingress.905663561.self": "false",
                            "ingress.905663561.to_port": "8080",
                            "name": "prod-snowplow-http-sg",
                            "owner_id": "329442876070",
                            "revoke_rules_on_delete": "false",
                            "tags.%": "0",
                            "vpc_id": "vpc-0c92f97dc54a89514"
                        },
                        "meta": {
                            "e2bfb730-ecaa-11e6-8f88-34363bc7c4c0": {
                                "create": 600000000000,
                                "delete": 600000000000
                            },
                            "schema_version": "1"
                        },
                        "tainted": false
                    },
                    "deposed": [],
                    "provider": "provider.aws"
                },
                "aws_security_group.lb_sg": {
                    "type": "aws_security_group",
                    "depends_on": [],
                    "primary": {
                        "id": "sg-099d4640a8951e888",
                        "attributes": {
                            "arn": "arn:aws:ec2:us-east-1:329442876070:security-group/sg-099d4640a8951e888",
                            "description": "Access control to the load balancer",
                            "egress.#": "1",
                            "egress.482069346.cidr_blocks.#": "1",
                            "egress.482069346.cidr_blocks.0": "0.0.0.0/0",
                            "egress.482069346.description": "",
                            "egress.482069346.from_port": "0",
                            "egress.482069346.ipv6_cidr_blocks.#": "0",
                            "egress.482069346.prefix_list_ids.#": "0",
                            "egress.482069346.protocol": "-1",
                            "egress.482069346.security_groups.#": "0",
                            "egress.482069346.self": "false",
                            "egress.482069346.to_port": "0",
                            "id": "sg-099d4640a8951e888",
                            "ingress.#": "2",
                            "ingress.2214680975.cidr_blocks.#": "1",
                            "ingress.2214680975.cidr_blocks.0": "0.0.0.0/0",
                            "ingress.2214680975.description": "",
                            "ingress.2214680975.from_port": "80",
                            "ingress.2214680975.ipv6_cidr_blocks.#": "0",
                            "ingress.2214680975.prefix_list_ids.#": "0",
                            "ingress.2214680975.protocol": "tcp",
                            "ingress.2214680975.security_groups.#": "0",
                            "ingress.2214680975.self": "false",
                            "ingress.2214680975.to_port": "80",
                            "ingress.2617001939.cidr_blocks.#": "1",
                            "ingress.2617001939.cidr_blocks.0": "0.0.0.0/0",
                            "ingress.2617001939.description": "",
                            "ingress.2617001939.from_port": "443",
                            "ingress.2617001939.ipv6_cidr_blocks.#": "0",
                            "ingress.2617001939.prefix_list_ids.#": "0",
                            "ingress.2617001939.protocol": "tcp",
                            "ingress.2617001939.security_groups.#": "0",
                            "ingress.2617001939.self": "false",
                            "ingress.2617001939.to_port": "443",
                            "name": "prod-snowplow-lb-sg",
                            "owner_id": "329442876070",
                            "revoke_rules_on_delete": "false",
                            "tags.%": "0",
                            "vpc_id": "vpc-0c92f97dc54a89514"
                        },
                        "meta": {
                            "e2bfb730-ecaa-11e6-8f88-34363bc7c4c0": {
                                "create": 600000000000,
                                "delete": 600000000000
                            },
                            "schema_version": "1"
                        },
                        "tainted": false
                    },
                    "deposed": [],
                    "provider": "provider.aws"
                },
                "data.template_file.collector_cloud_config": {
                    "type": "template_file",
                    "depends_on": [
                        "aws_iam_access_key.operator_key"
                    ],
                    "primary": {
                        "id": "fbb839054bdab938765a8121c3e5ee3bd8c0fcc1f8719c686d0ed602dcf3082d",
                        "attributes": {
                            "id": "fbb839054bdab938765a8121c3e5ee3bd8c0fcc1f8719c686d0ed602dcf3082d",
                            "rendered": "#cloud-config\npackage_update: true\npackage_upgrade: true\n\n\npackages:\n    - awscli\n    - unzip\n    - prometheus-node-exporter\n\n\nwrite_files:\n    - content: |\n            collector {\n              interface = \"0.0.0.0\"\n              port = 8080\n              p3p {\n                policyRef = \"/w3c/p3p.xml\"\n                CP = \"NOI DSP COR NID PSA OUR IND COM NAV STA\"\n              }\n              crossDomain {\n                enabled = false\n                domains = [ \"*\" ]\n                secure = true\n              }\n\n              cookie {\n                enabled = true\n                expiration = \"365 days\"\n                name = \"sp-nuid\"\n                #domain = \"{{cookieDomain}}\"\n              }\n\n              doNotTrackCookie {\n                enabled = false\n                name = \"dnt\"\n                value = \"1\"\n              }\n\n              cookieBounce {\n                enabled = false\n                name = \"n3pc\"\n                fallbackNetworkUserId = \"00000000-0000-4000-A000-000000000000\"\n                forwardedProtocolHeader = \"X-Forwarded-Proto\"\n              }\n\n              redirectMacro {\n                enabled = false\n                placeholder = \"[TOKEN]\"\n              }\n\n              rootResponse {\n                enabled = false\n                statusCode = 302\n                headers = {\n                    Location = \"https://127.0.0.1/\",\n                    X-Custom = \"something\"\n                }\n                body = \"302, redirecting\"\n              }\n\n              streams {\n                good = \"\"\n                bad = \"\"\n                useIpAddressAsPartitionKey = false\n                sink {\n                  enabled = kinesis\n                  region = \"us-east-1\"\n                  threadPoolSize = 10\n                  aws {\n                    accessKey = \"AKIAIKRBBFMVULD3CJLQ\"\n                    secretKey = \"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\"\n                  }\n                  backoffPolicy {\n                    minBackoff = 1000\n                    maxBackoff = 10000\n                  }\n                }\n\n                buffer {\n                  byteLimit = 300000\n                  recordLimit = 5\n                  timeLimit = 5000\n                }\n              }\n            }\n\n            akka {\n              loglevel = DEBUG # 'OFF' for no logging, 'DEBUG' for all logging.\n              loggers = [\"akka.event.slf4j.Slf4jLogger\"]\n              http.server {\n                remote-address-header = on\n                raw-request-uri-header = on\n                parsing {\n                  max-uri-length = 32768\n                  uri-parsing-mode = relaxed\n                }\n              }\n            }\n      path: \"/opt/snowplow/config.hocon\"\n\n    - content: |\n            [Unit]\n            Description=Snowplow collector daemon\n            After=network.target\n\n            [Service]\n            PermissionsStartOnly=true\n            User=ubuntu\n            Group=ubuntu\n            # ExecStartPre=/bin/chown -R ubuntu:ubuntu /opt/snowplow\n            # ExecStartPre=/bin/mkdir /run/snowplow-collector\n            # ExecStartPre=/bin/chown -R ubuntu:ubuntu /run/snowplow-collector\n            ExecStart=/opt/snowplow/\n            ExecStop=/bin/kill -s TERM $MAINPID\n            ExecStopPost=/bin/rm -rf /run/snowplow-collector\n            Restart=always\n            RestartSec=5s\n            MemoryMax=2G\n\n            [Install]\n            WantedBy=multi-user.target\n      path: \"/etc/systemd/system/snowplow-collector.service\"\n\n\nruncmd:\n    - [sh, -c, \"sudo apt-get install default-jre -y\"]\n    - [sh, -c, \"sudo mkdir /opt/snowplow\"]\n    - [sh, -c, \"wget https://bintray.com/snowplow/snowplow-generic/download_file?file_path=snowplow_scala_stream_collector_kinesis_0.14.0.zip -O snowplow.zip\"]\n    - [sh, -c, \"unzip snowplow.zip\"]\n    - [sh, -c, \"mv snowplow-stream-collector-kinesis-0.14.0.jar /opt/snowplow/\"]\n\n\npower_state:\n    delay: \"+0\"\n    mode: reboot\n    message: rebooting\n    timeout: 15    \n",
                            "template": "#cloud-config\npackage_update: true\npackage_upgrade: true\n\n\npackages:\n    - awscli\n    - unzip\n    - prometheus-node-exporter\n\n\nwrite_files:\n    - content: |\n            collector {\n              interface = \"0.0.0.0\"\n              port = ${snowplow_collector_ingress_port}\n              p3p {\n                policyRef = \"/w3c/p3p.xml\"\n                CP = \"NOI DSP COR NID PSA OUR IND COM NAV STA\"\n              }\n              crossDomain {\n                enabled = false\n                domains = [ \"*\" ]\n                secure = true\n              }\n\n              cookie {\n                enabled = true\n                expiration = \"365 days\"\n                name = \"sp-nuid\"\n                #domain = \"{{cookieDomain}}\"\n              }\n\n              doNotTrackCookie {\n                enabled = false\n                name = \"dnt\"\n                value = \"1\"\n              }\n\n              cookieBounce {\n                enabled = false\n                name = \"n3pc\"\n                fallbackNetworkUserId = \"00000000-0000-4000-A000-000000000000\"\n                forwardedProtocolHeader = \"X-Forwarded-Proto\"\n              }\n\n              redirectMacro {\n                enabled = false\n                placeholder = \"[TOKEN]\"\n              }\n\n              rootResponse {\n                enabled = false\n                statusCode = 302\n                headers = {\n                    Location = \"https://127.0.0.1/\",\n                    X-Custom = \"something\"\n                }\n                body = \"302, redirecting\"\n              }\n\n              streams {\n                good = \"${snowplow_collector_good_stream}\"\n                bad = \"${snowplow_collector_bad_stream}\"\n                useIpAddressAsPartitionKey = false\n                sink {\n                  enabled = kinesis\n                  region = \"${aws_region}\"\n                  threadPoolSize = 10\n                  aws {\n                    accessKey = \"${operator_access_key_id}\"\n                    secretKey = \"${operator_secret_access_key}\"\n                  }\n                  backoffPolicy {\n                    minBackoff = 1000\n                    maxBackoff = 10000\n                  }\n                }\n\n                buffer {\n                  byteLimit = 300000\n                  recordLimit = 5\n                  timeLimit = 5000\n                }\n              }\n            }\n\n            akka {\n              loglevel = DEBUG # 'OFF' for no logging, 'DEBUG' for all logging.\n              loggers = [\"akka.event.slf4j.Slf4jLogger\"]\n              http.server {\n                remote-address-header = on\n                raw-request-uri-header = on\n                parsing {\n                  max-uri-length = 32768\n                  uri-parsing-mode = relaxed\n                }\n              }\n            }\n      path: \"${snowplow_home}/config.hocon\"\n\n    - content: |\n            [Unit]\n            Description=Snowplow collector daemon\n            After=network.target\n\n            [Service]\n            PermissionsStartOnly=true\n            User=${snowplow_service_user}\n            Group=${snowplow_service_group}\n            # ExecStartPre=/bin/chown -R ${snowplow_service_user}:${snowplow_service_group} ${snowplow_home}\n            # ExecStartPre=/bin/mkdir /run/snowplow-collector\n            # ExecStartPre=/bin/chown -R ${snowplow_service_user}:${snowplow_service_group} /run/snowplow-collector\n            ExecStart=${snowplow_home}/\n            ExecStop=/bin/kill -s TERM $MAINPID\n            ExecStopPost=/bin/rm -rf /run/snowplow-collector\n            Restart=always\n            RestartSec=5s\n            MemoryMax=2G\n\n            [Install]\n            WantedBy=multi-user.target\n      path: \"/etc/systemd/system/snowplow-collector.service\"\n\n\nruncmd:\n    - [sh, -c, \"sudo apt-get install default-jre -y\"]\n    - [sh, -c, \"sudo mkdir ${snowplow_home}\"]\n    - [sh, -c, \"wget https://bintray.com/snowplow/snowplow-generic/download_file?file_path=snowplow_scala_stream_collector_kinesis_${snowplow_collector_version}.zip -O snowplow.zip\"]\n    - [sh, -c, \"unzip snowplow.zip\"]\n    - [sh, -c, \"mv snowplow-stream-collector-kinesis-${snowplow_collector_version}.jar ${snowplow_home}/\"]\n\n\npower_state:\n    delay: \"+0\"\n    mode: reboot\n    message: rebooting\n    timeout: 15    \n",
                            "vars.%": "10",
                            "vars.aws_region": "us-east-1",
                            "vars.operator_access_key_id": "AKIAIKRBBFMVULD3CJLQ",
                            "vars.operator_secret_access_key": "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",
                            "vars.snowplow_collector_bad_stream": "",
                            "vars.snowplow_collector_good_stream": "",
                            "vars.snowplow_collector_ingress_port": "8080",
                            "vars.snowplow_collector_version": "0.14.0",
                            "vars.snowplow_home": "/opt/snowplow",
                            "vars.snowplow_service_group": "ubuntu",
                            "vars.snowplow_service_user": "ubuntu"
                        },
                        "meta": {},
                        "tainted": false
                    },
                    "deposed": [],
                    "provider": "provider.template"
                }
            },
            "depends_on": []
        },
        {
            "path": [
                "root",
                "vpc"
            ],
            "outputs": {
                "subnets": {
                    "sensitive": false,
                    "type": "list",
                    "value": [
                        "subnet-05eb58b4d69d1fdce",
                        "subnet-073c5989413552a76"
                    ]
                },
                "vpc_arn": {
                    "sensitive": false,
                    "type": "string",
                    "value": "arn:aws:ec2:us-east-1:329442876070:vpc/vpc-0c92f97dc54a89514"
                },
                "vpc_cidr_block": {
                    "sensitive": false,
                    "type": "string",
                    "value": "10.0.0.0/16"
                },
                "vpc_id": {
                    "sensitive": false,
                    "type": "string",
                    "value": "vpc-0c92f97dc54a89514"
                }
            },
            "resources": {
                "aws_internet_gateway.gw": {
                    "type": "aws_internet_gateway",
                    "depends_on": [
                        "aws_vpc.vpc"
                    ],
                    "primary": {
                        "id": "igw-078369f871f7c5012",
                        "attributes": {
                            "id": "igw-078369f871f7c5012",
                            "tags.%": "1",
                            "tags.Name": "prod_infra_gateway",
                            "vpc_id": "vpc-0c92f97dc54a89514"
                        },
                        "meta": {},
                        "tainted": false
                    },
                    "deposed": [],
                    "provider": "provider.aws"
                },
                "aws_route_table.rt": {
                    "type": "aws_route_table",
                    "depends_on": [
                        "aws_internet_gateway.gw",
                        "aws_vpc.vpc"
                    ],
                    "primary": {
                        "id": "rtb-0989c578a86909def",
                        "attributes": {
                            "id": "rtb-0989c578a86909def",
                            "propagating_vgws.#": "0",
                            "route.#": "1",
                            "route.3945979644.cidr_block": "0.0.0.0/0",
                            "route.3945979644.egress_only_gateway_id": "",
                            "route.3945979644.gateway_id": "igw-078369f871f7c5012",
                            "route.3945979644.instance_id": "",
                            "route.3945979644.ipv6_cidr_block": "",
                            "route.3945979644.nat_gateway_id": "",
                            "route.3945979644.network_interface_id": "",
                            "route.3945979644.vpc_peering_connection_id": "",
                            "tags.%": "0",
                            "vpc_id": "vpc-0c92f97dc54a89514"
                        },
                        "meta": {},
                        "tainted": false
                    },
                    "deposed": [],
                    "provider": "provider.aws"
                },
                "aws_route_table_association.rta.0": {
                    "type": "aws_route_table_association",
                    "depends_on": [
                        "aws_route_table.rt",
                        "aws_subnet.subn.*"
                    ],
                    "primary": {
                        "id": "rtbassoc-011fac91fb4c00065",
                        "attributes": {
                            "id": "rtbassoc-011fac91fb4c00065",
                            "route_table_id": "rtb-0989c578a86909def",
                            "subnet_id": "subnet-05eb58b4d69d1fdce"
                        },
                        "meta": {},
                        "tainted": false
                    },
                    "deposed": [],
                    "provider": "provider.aws"
                },
                "aws_route_table_association.rta.1": {
                    "type": "aws_route_table_association",
                    "depends_on": [
                        "aws_route_table.rt",
                        "aws_subnet.subn.*"
                    ],
                    "primary": {
                        "id": "rtbassoc-09095a73975b8585c",
                        "attributes": {
                            "id": "rtbassoc-09095a73975b8585c",
                            "route_table_id": "rtb-0989c578a86909def",
                            "subnet_id": "subnet-073c5989413552a76"
                        },
                        "meta": {},
                        "tainted": false
                    },
                    "deposed": [],
                    "provider": "provider.aws"
                },
                "aws_subnet.subn.0": {
                    "type": "aws_subnet",
                    "depends_on": [
                        "aws_vpc.vpc",
                        "data.aws_availability_zones.available"
                    ],
                    "primary": {
                        "id": "subnet-05eb58b4d69d1fdce",
                        "attributes": {
                            "arn": "arn:aws:ec2:us-east-1:329442876070:subnet/subnet-05eb58b4d69d1fdce",
                            "assign_ipv6_address_on_creation": "false",
                            "availability_zone": "us-east-1a",
                            "cidr_block": "10.0.0.0/24",
                            "id": "subnet-05eb58b4d69d1fdce",
                            "map_public_ip_on_launch": "false",
                            "tags.%": "2",
                            "tags.Env": "prod",
                            "tags.Name": "prod-infra-us-east-1a",
                            "vpc_id": "vpc-0c92f97dc54a89514"
                        },
                        "meta": {
                            "e2bfb730-ecaa-11e6-8f88-34363bc7c4c0": {
                                "create": 600000000000,
                                "delete": 600000000000
                            },
                            "schema_version": "1"
                        },
                        "tainted": false
                    },
                    "deposed": [],
                    "provider": "provider.aws"
                },
                "aws_subnet.subn.1": {
                    "type": "aws_subnet",
                    "depends_on": [
                        "aws_vpc.vpc",
                        "data.aws_availability_zones.available"
                    ],
                    "primary": {
                        "id": "subnet-073c5989413552a76",
                        "attributes": {
                            "arn": "arn:aws:ec2:us-east-1:329442876070:subnet/subnet-073c5989413552a76",
                            "assign_ipv6_address_on_creation": "false",
                            "availability_zone": "us-east-1b",
                            "cidr_block": "10.0.1.0/24",
                            "id": "subnet-073c5989413552a76",
                            "map_public_ip_on_launch": "false",
                            "tags.%": "2",
                            "tags.Env": "prod",
                            "tags.Name": "prod-infra-us-east-1b",
                            "vpc_id": "vpc-0c92f97dc54a89514"
                        },
                        "meta": {
                            "e2bfb730-ecaa-11e6-8f88-34363bc7c4c0": {
                                "create": 600000000000,
                                "delete": 600000000000
                            },
                            "schema_version": "1"
                        },
                        "tainted": false
                    },
                    "deposed": [],
                    "provider": "provider.aws"
                },
                "aws_vpc.vpc": {
                    "type": "aws_vpc",
                    "depends_on": [],
                    "primary": {
                        "id": "vpc-0c92f97dc54a89514",
                        "attributes": {
                            "arn": "arn:aws:ec2:us-east-1:329442876070:vpc/vpc-0c92f97dc54a89514",
                            "assign_generated_ipv6_cidr_block": "false",
                            "cidr_block": "10.0.0.0/16",
                            "default_network_acl_id": "acl-0345fd9c0a158f521",
                            "default_route_table_id": "rtb-002a81bb5d2f6fb28",
                            "default_security_group_id": "sg-0b82c07b026f1c897",
                            "dhcp_options_id": "dopt-203fea46",
                            "enable_classiclink": "false",
                            "enable_classiclink_dns_support": "false",
                            "enable_dns_hostnames": "false",
                            "enable_dns_support": "true",
                            "id": "vpc-0c92f97dc54a89514",
                            "instance_tenancy": "default",
                            "main_route_table_id": "rtb-002a81bb5d2f6fb28",
                            "tags.%": "1",
                            "tags.Name": "prod-infra"
                        },
                        "meta": {
                            "schema_version": "1"
                        },
                        "tainted": false
                    },
                    "deposed": [],
                    "provider": "provider.aws"
                },
                "data.aws_availability_zones.available": {
                    "type": "aws_availability_zones",
                    "depends_on": [],
                    "primary": {
                        "id": "2018-10-06 01:44:01.744273 +0000 UTC",
                        "attributes": {
                            "id": "2018-10-06 01:44:01.744273 +0000 UTC",
                            "names.#": "6",
                            "names.0": "us-east-1a",
                            "names.1": "us-east-1b",
                            "names.2": "us-east-1c",
                            "names.3": "us-east-1d",
                            "names.4": "us-east-1e",
                            "names.5": "us-east-1f"
                        },
                        "meta": {},
                        "tainted": false
                    },
                    "deposed": [],
                    "provider": "provider.aws"
                }
            },
            "depends_on": []
        }
    ]
}
