{
    "version": 3,
    "terraform_version": "0.11.8",
    "serial": 11,
    "lineage": "3bf84d63-9d55-b15e-9262-6bcd3bcd774f",
    "modules": [
        {
            "path": [
                "root"
            ],
            "outputs": {},
            "resources": {
                "data.http.my_ip": {
                    "type": "http",
                    "depends_on": [],
                    "primary": {
                        "id": "2018-10-06 18:22:27.754862431 +0000 UTC",
                        "attributes": {
                            "body": "74.78.41.33\n",
                            "id": "2018-10-06 18:22:27.754862431 +0000 UTC",
                            "url": "http://icanhazip.com"
                        },
                        "meta": {},
                        "tainted": false
                    },
                    "deposed": [],
                    "provider": "provider.http"
                }
            },
            "depends_on": []
        },
        {
            "path": [
                "root",
                "snowplow"
            ],
            "outputs": {},
            "resources": {
                "aws_alb.alb": {
                    "type": "aws_alb",
                    "depends_on": [
                        "aws_security_group.lb_sg"
                    ],
                    "primary": {
                        "id": "arn:aws:elasticloadbalancing:us-east-1:329442876070:loadbalancer/app/prod-bostata-sp-alb/b384d2e9c78a69a1",
                        "attributes": {
                            "access_logs.#": "0",
                            "arn": "arn:aws:elasticloadbalancing:us-east-1:329442876070:loadbalancer/app/prod-bostata-sp-alb/b384d2e9c78a69a1",
                            "arn_suffix": "app/prod-bostata-sp-alb/b384d2e9c78a69a1",
                            "dns_name": "prod-bostata-sp-alb-195318327.us-east-1.elb.amazonaws.com",
                            "enable_deletion_protection": "false",
                            "enable_http2": "true",
                            "id": "arn:aws:elasticloadbalancing:us-east-1:329442876070:loadbalancer/app/prod-bostata-sp-alb/b384d2e9c78a69a1",
                            "idle_timeout": "60",
                            "internal": "false",
                            "ip_address_type": "ipv4",
                            "load_balancer_type": "application",
                            "name": "prod-bostata-sp-alb",
                            "security_groups.#": "1",
                            "security_groups.96887593": "sg-01b1fda67da47a92c",
                            "subnet_mapping.#": "0",
                            "subnets.#": "2",
                            "subnets.3633627311": "subnet-05345261490fd83c8",
                            "subnets.475343004": "subnet-08faafa16bf94e205",
                            "tags.%": "0",
                            "vpc_id": "vpc-098cb735cf5cab7b9",
                            "zone_id": "Z35SXDOTRQ7X7K"
                        },
                        "meta": {
                            "e2bfb730-ecaa-11e6-8f88-34363bc7c4c0": {
                                "create": 600000000000,
                                "delete": 600000000000,
                                "update": 600000000000
                            }
                        },
                        "tainted": false
                    },
                    "deposed": [],
                    "provider": "provider.aws"
                },
                "aws_alb_listener.alb_listener": {
                    "type": "aws_alb_listener",
                    "depends_on": [
                        "aws_alb.alb",
                        "aws_alb_target_group.alb_target_grp"
                    ],
                    "primary": {
                        "id": "arn:aws:elasticloadbalancing:us-east-1:329442876070:listener/app/prod-bostata-sp-alb/b384d2e9c78a69a1/1d26c2acc4becdd3",
                        "attributes": {
                            "arn": "arn:aws:elasticloadbalancing:us-east-1:329442876070:listener/app/prod-bostata-sp-alb/b384d2e9c78a69a1/1d26c2acc4becdd3",
                            "default_action.#": "1",
                            "default_action.0.fixed_response.#": "0",
                            "default_action.0.redirect.#": "0",
                            "default_action.0.target_group_arn": "arn:aws:elasticloadbalancing:us-east-1:329442876070:targetgroup/prod-bostata-sp-lb-tg/b5a892f3a81056e1",
                            "default_action.0.type": "forward",
                            "id": "arn:aws:elasticloadbalancing:us-east-1:329442876070:listener/app/prod-bostata-sp-alb/b384d2e9c78a69a1/1d26c2acc4becdd3",
                            "load_balancer_arn": "arn:aws:elasticloadbalancing:us-east-1:329442876070:loadbalancer/app/prod-bostata-sp-alb/b384d2e9c78a69a1",
                            "port": "80",
                            "protocol": "HTTP",
                            "ssl_policy": ""
                        },
                        "meta": {},
                        "tainted": false
                    },
                    "deposed": [],
                    "provider": "provider.aws"
                },
                "aws_alb_target_group.alb_target_grp": {
                    "type": "aws_alb_target_group",
                    "depends_on": [],
                    "primary": {
                        "id": "arn:aws:elasticloadbalancing:us-east-1:329442876070:targetgroup/prod-bostata-sp-lb-tg/b5a892f3a81056e1",
                        "attributes": {
                            "arn": "arn:aws:elasticloadbalancing:us-east-1:329442876070:targetgroup/prod-bostata-sp-lb-tg/b5a892f3a81056e1",
                            "arn_suffix": "targetgroup/prod-bostata-sp-lb-tg/b5a892f3a81056e1",
                            "deregistration_delay": "300",
                            "health_check.#": "1",
                            "health_check.0.healthy_threshold": "2",
                            "health_check.0.interval": "30",
                            "health_check.0.matcher": "200",
                            "health_check.0.path": "/health",
                            "health_check.0.port": "8080",
                            "health_check.0.protocol": "HTTP",
                            "health_check.0.timeout": "3",
                            "health_check.0.unhealthy_threshold": "2",
                            "id": "arn:aws:elasticloadbalancing:us-east-1:329442876070:targetgroup/prod-bostata-sp-lb-tg/b5a892f3a81056e1",
                            "name": "prod-bostata-sp-lb-tg",
                            "port": "8080",
                            "protocol": "HTTP",
                            "proxy_protocol_v2": "false",
                            "slow_start": "0",
                            "stickiness.#": "1",
                            "stickiness.0.cookie_duration": "1800",
                            "stickiness.0.enabled": "true",
                            "stickiness.0.type": "lb_cookie",
                            "tags.%": "0",
                            "target_type": "instance",
                            "vpc_id": "vpc-098cb735cf5cab7b9"
                        },
                        "meta": {},
                        "tainted": false
                    },
                    "deposed": [],
                    "provider": "provider.aws"
                },
                "aws_alb_target_group_attachment.collector_alb_attachment.0": {
                    "type": "aws_alb_target_group_attachment",
                    "depends_on": [
                        "aws_alb_target_group.alb_target_grp",
                        "aws_instance.collector.*"
                    ],
                    "primary": {
                        "id": "arn:aws:elasticloadbalancing:us-east-1:329442876070:targetgroup/prod-bostata-sp-lb-tg/b5a892f3a81056e1-20181006182457228000000001",
                        "attributes": {
                            "id": "arn:aws:elasticloadbalancing:us-east-1:329442876070:targetgroup/prod-bostata-sp-lb-tg/b5a892f3a81056e1-20181006182457228000000001",
                            "port": "8080",
                            "target_group_arn": "arn:aws:elasticloadbalancing:us-east-1:329442876070:targetgroup/prod-bostata-sp-lb-tg/b5a892f3a81056e1",
                            "target_id": "i-069f655a6868e81f9"
                        },
                        "meta": {},
                        "tainted": false
                    },
                    "deposed": [],
                    "provider": "provider.aws"
                },
                "aws_alb_target_group_attachment.collector_alb_attachment.1": {
                    "type": "aws_alb_target_group_attachment",
                    "depends_on": [
                        "aws_alb_target_group.alb_target_grp",
                        "aws_instance.collector.*"
                    ],
                    "primary": {
                        "id": "arn:aws:elasticloadbalancing:us-east-1:329442876070:targetgroup/prod-bostata-sp-lb-tg/b5a892f3a81056e1-20181006182457381800000002",
                        "attributes": {
                            "id": "arn:aws:elasticloadbalancing:us-east-1:329442876070:targetgroup/prod-bostata-sp-lb-tg/b5a892f3a81056e1-20181006182457381800000002",
                            "port": "8080",
                            "target_group_arn": "arn:aws:elasticloadbalancing:us-east-1:329442876070:targetgroup/prod-bostata-sp-lb-tg/b5a892f3a81056e1",
                            "target_id": "i-0d15bc87e37b1747c"
                        },
                        "meta": {},
                        "tainted": false
                    },
                    "deposed": [],
                    "provider": "provider.aws"
                },
                "aws_dynamodb_table.enricher_checkpoint": {
                    "type": "aws_dynamodb_table",
                    "depends_on": [],
                    "primary": {
                        "id": "prod-bostata-enricher-checkpoint",
                        "attributes": {
                            "arn": "arn:aws:dynamodb:us-east-1:329442876070:table/prod-bostata-enricher-checkpoint",
                            "attribute.#": "1",
                            "attribute.2363179263.name": "leaseKey",
                            "attribute.2363179263.type": "S",
                            "global_secondary_index.#": "0",
                            "hash_key": "leaseKey",
                            "id": "prod-bostata-enricher-checkpoint",
                            "local_secondary_index.#": "0",
                            "name": "prod-bostata-enricher-checkpoint",
                            "point_in_time_recovery.#": "1",
                            "point_in_time_recovery.0.enabled": "false",
                            "read_capacity": "5",
                            "server_side_encryption.#": "0",
                            "stream_arn": "",
                            "stream_enabled": "false",
                            "stream_label": "",
                            "stream_view_type": "",
                            "tags.%": "3",
                            "tags.Department": "bostata",
                            "tags.Env": "prod",
                            "tags.System": "sp",
                            "ttl.#": "0",
                            "write_capacity": "5"
                        },
                        "meta": {
                            "e2bfb730-ecaa-11e6-8f88-34363bc7c4c0": {
                                "create": 600000000000,
                                "delete": 600000000000,
                                "update": 600000000000
                            },
                            "schema_version": "1"
                        },
                        "tainted": false
                    },
                    "deposed": [],
                    "provider": "provider.aws"
                },
                "aws_eip.collector_eip.0": {
                    "type": "aws_eip",
                    "depends_on": [
                        "aws_instance.collector.*"
                    ],
                    "primary": {
                        "id": "eipalloc-04966584f53501ff0",
                        "attributes": {
                            "association_id": "eipassoc-03564a73783007afa",
                            "domain": "vpc",
                            "id": "eipalloc-04966584f53501ff0",
                            "instance": "i-069f655a6868e81f9",
                            "network_interface": "eni-0d7034e8699d628db",
                            "private_ip": "10.0.0.85",
                            "public_ip": "184.72.129.205",
                            "tags.%": "4",
                            "tags.Department": "bostata",
                            "tags.Env": "prod",
                            "tags.Name": "prod-bostata-sp-collector-1-eip",
                            "tags.System": "sp",
                            "vpc": "true"
                        },
                        "meta": {
                            "e2bfb730-ecaa-11e6-8f88-34363bc7c4c0": {
                                "delete": 180000000000,
                                "read": 900000000000,
                                "update": 300000000000
                            }
                        },
                        "tainted": false
                    },
                    "deposed": [],
                    "provider": "provider.aws"
                },
                "aws_eip.collector_eip.1": {
                    "type": "aws_eip",
                    "depends_on": [
                        "aws_instance.collector.*"
                    ],
                    "primary": {
                        "id": "eipalloc-0760db2d0d61c5a38",
                        "attributes": {
                            "association_id": "eipassoc-0f5c944b9d686a9d0",
                            "domain": "vpc",
                            "id": "eipalloc-0760db2d0d61c5a38",
                            "instance": "i-0d15bc87e37b1747c",
                            "network_interface": "eni-0e8215526704fd090",
                            "private_ip": "10.0.1.88",
                            "public_ip": "34.193.169.113",
                            "tags.%": "4",
                            "tags.Department": "bostata",
                            "tags.Env": "prod",
                            "tags.Name": "prod-bostata-sp-collector-2-eip",
                            "tags.System": "sp",
                            "vpc": "true"
                        },
                        "meta": {
                            "e2bfb730-ecaa-11e6-8f88-34363bc7c4c0": {
                                "delete": 180000000000,
                                "read": 900000000000,
                                "update": 300000000000
                            }
                        },
                        "tainted": false
                    },
                    "deposed": [],
                    "provider": "provider.aws"
                },
                "aws_iam_access_key.operator_key": {
                    "type": "aws_iam_access_key",
                    "depends_on": [
                        "aws_iam_user.operator"
                    ],
                    "primary": {
                        "id": "AKIAJM52ULPGJYZZIJDA",
                        "attributes": {
                            "id": "AKIAJM52ULPGJYZZIJDA",
                            "secret": "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",
                            "ses_smtp_password": "AiFvioGPHTMOsUJ8DdQIdnVxDm01el3rQBVK32dvi2ii",
                            "status": "Active",
                            "user": "prod-sp-operator"
                        },
                        "meta": {},
                        "tainted": false
                    },
                    "deposed": [],
                    "provider": "provider.aws"
                },
                "aws_iam_user.operator": {
                    "type": "aws_iam_user",
                    "depends_on": [],
                    "primary": {
                        "id": "prod-sp-operator",
                        "attributes": {
                            "arn": "arn:aws:iam::329442876070:user/prod-sp-operator",
                            "force_destroy": "false",
                            "id": "prod-sp-operator",
                            "name": "prod-sp-operator",
                            "path": "/",
                            "unique_id": "AIDAIAKZO7NNYVNLPSX36"
                        },
                        "meta": {},
                        "tainted": false
                    },
                    "deposed": [],
                    "provider": "provider.aws"
                },
                "aws_iam_user_policy.operator_policy": {
                    "type": "aws_iam_user_policy",
                    "depends_on": [
                        "aws_iam_user.operator"
                    ],
                    "primary": {
                        "id": "prod-sp-operator:prod-bostata-sp-operator_iam_policy",
                        "attributes": {
                            "id": "prod-sp-operator:prod-bostata-sp-operator_iam_policy",
                            "name": "prod-bostata-sp-operator_iam_policy",
                            "policy": "{\n    \"Version\": \"2012-10-17\",\n    \"Statement\": [\n        {\n            \"Action\": [\n                \"kinesis:*\"\n            ],\n            \"Effect\": \"Allow\",\n            \"Resource\": \"*\"\n        },\n        {\n            \"Action\": [\n                \"dynamodb:*\"\n            ],\n            \"Effect\": \"Allow\",\n            \"Resource\": \"*\"\n        },\n        {\n            \"Action\": [\n                \"s3:*\"\n            ],\n            \"Effect\": \"Allow\",\n            \"Resource\": \"*\"\n        },\n        {\n            \"Action\": [\n                \"cloudwatch:*\"\n            ],\n            \"Effect\": \"Allow\",\n            \"Resource\": \"*\"\n        }\n    ]\n}\n",
                            "user": "prod-sp-operator"
                        },
                        "meta": {},
                        "tainted": false
                    },
                    "deposed": [],
                    "provider": "provider.aws"
                },
                "aws_instance.collector.0": {
                    "type": "aws_instance",
                    "depends_on": [],
                    "primary": {
                        "id": "i-069f655a6868e81f9",
                        "attributes": {
                            "ami": "ami-059eeca93cf09eebd",
                            "arn": "arn:aws:ec2:us-east-1:329442876070:instance/i-069f655a6868e81f9",
                            "associate_public_ip_address": "true",
                            "availability_zone": "us-east-1a",
                            "cpu_core_count": "1",
                            "cpu_threads_per_core": "1",
                            "credit_specification.#": "1",
                            "credit_specification.0.cpu_credits": "standard",
                            "disable_api_termination": "false",
                            "ebs_block_device.#": "0",
                            "ebs_optimized": "false",
                            "ephemeral_block_device.#": "0",
                            "get_password_data": "false",
                            "iam_instance_profile": "",
                            "id": "i-069f655a6868e81f9",
                            "instance_state": "running",
                            "instance_type": "t2.small",
                            "ipv6_addresses.#": "0",
                            "key_name": "snowplow_prod",
                            "monitoring": "false",
                            "network_interface.#": "0",
                            "network_interface_id": "eni-0d7034e8699d628db",
                            "password_data": "",
                            "placement_group": "",
                            "primary_network_interface_id": "eni-0d7034e8699d628db",
                            "private_dns": "ip-10-0-0-85.ec2.internal",
                            "private_ip": "10.0.0.85",
                            "public_dns": "",
                            "public_ip": "54.82.187.109",
                            "root_block_device.#": "1",
                            "root_block_device.0.delete_on_termination": "true",
                            "root_block_device.0.iops": "0",
                            "root_block_device.0.volume_id": "vol-05ec05743354b99bf",
                            "root_block_device.0.volume_size": "50",
                            "root_block_device.0.volume_type": "standard",
                            "security_groups.#": "0",
                            "source_dest_check": "true",
                            "subnet_id": "subnet-05345261490fd83c8",
                            "tags.%": "4",
                            "tags.Department": "bostata",
                            "tags.Env": "prod",
                            "tags.Name": "prod-bostata-sp-collector-1",
                            "tags.System": "sp",
                            "tenancy": "default",
                            "user_data": "b2fcefef290253c6ac83308c7a54d8f9ffa044c4",
                            "volume_tags.%": "0",
                            "vpc_security_group_ids.#": "1",
                            "vpc_security_group_ids.3375667102": "sg-0073628f6fd51d24f"
                        },
                        "meta": {
                            "e2bfb730-ecaa-11e6-8f88-34363bc7c4c0": {
                                "create": 600000000000,
                                "delete": 1200000000000,
                                "update": 600000000000
                            },
                            "schema_version": "1"
                        },
                        "tainted": false
                    },
                    "deposed": [],
                    "provider": "provider.aws"
                },
                "aws_instance.collector.1": {
                    "type": "aws_instance",
                    "depends_on": [],
                    "primary": {
                        "id": "i-0d15bc87e37b1747c",
                        "attributes": {
                            "ami": "ami-059eeca93cf09eebd",
                            "arn": "arn:aws:ec2:us-east-1:329442876070:instance/i-0d15bc87e37b1747c",
                            "associate_public_ip_address": "true",
                            "availability_zone": "us-east-1b",
                            "cpu_core_count": "1",
                            "cpu_threads_per_core": "1",
                            "credit_specification.#": "1",
                            "credit_specification.0.cpu_credits": "standard",
                            "disable_api_termination": "false",
                            "ebs_block_device.#": "0",
                            "ebs_optimized": "false",
                            "ephemeral_block_device.#": "0",
                            "get_password_data": "false",
                            "iam_instance_profile": "",
                            "id": "i-0d15bc87e37b1747c",
                            "instance_state": "running",
                            "instance_type": "t2.small",
                            "ipv6_addresses.#": "0",
                            "key_name": "snowplow_prod",
                            "monitoring": "false",
                            "network_interface.#": "0",
                            "network_interface_id": "eni-0e8215526704fd090",
                            "password_data": "",
                            "placement_group": "",
                            "primary_network_interface_id": "eni-0e8215526704fd090",
                            "private_dns": "ip-10-0-1-88.ec2.internal",
                            "private_ip": "10.0.1.88",
                            "public_dns": "",
                            "public_ip": "34.231.229.77",
                            "root_block_device.#": "1",
                            "root_block_device.0.delete_on_termination": "true",
                            "root_block_device.0.iops": "0",
                            "root_block_device.0.volume_id": "vol-025871ed3f8dfa5a7",
                            "root_block_device.0.volume_size": "50",
                            "root_block_device.0.volume_type": "standard",
                            "security_groups.#": "0",
                            "source_dest_check": "true",
                            "subnet_id": "subnet-08faafa16bf94e205",
                            "tags.%": "4",
                            "tags.Department": "bostata",
                            "tags.Env": "prod",
                            "tags.Name": "prod-bostata-sp-collector-2",
                            "tags.System": "sp",
                            "tenancy": "default",
                            "user_data": "b2fcefef290253c6ac83308c7a54d8f9ffa044c4",
                            "volume_tags.%": "0",
                            "vpc_security_group_ids.#": "1",
                            "vpc_security_group_ids.3375667102": "sg-0073628f6fd51d24f"
                        },
                        "meta": {
                            "e2bfb730-ecaa-11e6-8f88-34363bc7c4c0": {
                                "create": 600000000000,
                                "delete": 1200000000000,
                                "update": 600000000000
                            },
                            "schema_version": "1"
                        },
                        "tainted": false
                    },
                    "deposed": [],
                    "provider": "provider.aws"
                },
                "aws_instance.enricher": {
                    "type": "aws_instance",
                    "depends_on": [],
                    "primary": {
                        "id": "i-0471daa98223e4224",
                        "attributes": {
                            "ami": "ami-059eeca93cf09eebd",
                            "arn": "arn:aws:ec2:us-east-1:329442876070:instance/i-0471daa98223e4224",
                            "associate_public_ip_address": "true",
                            "availability_zone": "us-east-1a",
                            "cpu_core_count": "1",
                            "cpu_threads_per_core": "1",
                            "credit_specification.#": "1",
                            "credit_specification.0.cpu_credits": "standard",
                            "disable_api_termination": "false",
                            "ebs_block_device.#": "0",
                            "ebs_optimized": "false",
                            "ephemeral_block_device.#": "0",
                            "get_password_data": "false",
                            "iam_instance_profile": "",
                            "id": "i-0471daa98223e4224",
                            "instance_state": "running",
                            "instance_type": "t2.small",
                            "ipv6_addresses.#": "0",
                            "key_name": "snowplow_prod",
                            "monitoring": "false",
                            "network_interface.#": "0",
                            "network_interface_id": "eni-0f5835d3fddab4c20",
                            "password_data": "",
                            "placement_group": "",
                            "primary_network_interface_id": "eni-0f5835d3fddab4c20",
                            "private_dns": "ip-10-0-0-19.ec2.internal",
                            "private_ip": "10.0.0.19",
                            "public_dns": "",
                            "public_ip": "54.172.172.213",
                            "root_block_device.#": "1",
                            "root_block_device.0.delete_on_termination": "true",
                            "root_block_device.0.iops": "0",
                            "root_block_device.0.volume_id": "vol-0655f9be8f9ce182a",
                            "root_block_device.0.volume_size": "50",
                            "root_block_device.0.volume_type": "standard",
                            "security_groups.#": "0",
                            "source_dest_check": "true",
                            "subnet_id": "subnet-05345261490fd83c8",
                            "tags.%": "4",
                            "tags.Department": "bostata",
                            "tags.Env": "prod",
                            "tags.Name": "prod-bostata-sp-enricher-1",
                            "tags.System": "sp",
                            "tenancy": "default",
                            "user_data": "6c89183e0eacfdd6d6e9f073eb8b606521f5a8e9",
                            "volume_tags.%": "0",
                            "vpc_security_group_ids.#": "1",
                            "vpc_security_group_ids.536121607": "sg-0c7ce3b427882e31b"
                        },
                        "meta": {
                            "e2bfb730-ecaa-11e6-8f88-34363bc7c4c0": {
                                "create": 600000000000,
                                "delete": 1200000000000,
                                "update": 600000000000
                            },
                            "schema_version": "1"
                        },
                        "tainted": false
                    },
                    "deposed": [],
                    "provider": "provider.aws"
                },
                "aws_kinesis_stream.collector_bad": {
                    "type": "aws_kinesis_stream",
                    "depends_on": [],
                    "primary": {
                        "id": "arn:aws:kinesis:us-east-1:329442876070:stream/prod-bostata-sp-collector-bad",
                        "attributes": {
                            "arn": "arn:aws:kinesis:us-east-1:329442876070:stream/prod-bostata-sp-collector-bad",
                            "encryption_type": "NONE",
                            "id": "arn:aws:kinesis:us-east-1:329442876070:stream/prod-bostata-sp-collector-bad",
                            "kms_key_id": "",
                            "name": "prod-bostata-sp-collector-bad",
                            "retention_period": "24",
                            "shard_count": "1",
                            "shard_level_metrics.#": "2",
                            "shard_level_metrics.123700221": "IncomingBytes",
                            "shard_level_metrics.1625074920": "OutgoingBytes",
                            "tags.%": "4",
                            "tags.Department": "bostata",
                            "tags.Env": "prod",
                            "tags.Name": "prod-bostata-sp-collector-bad",
                            "tags.System": "sp"
                        },
                        "meta": {
                            "e2bfb730-ecaa-11e6-8f88-34363bc7c4c0": {
                                "create": 300000000000,
                                "delete": 7200000000000,
                                "update": 7200000000000
                            }
                        },
                        "tainted": false
                    },
                    "deposed": [],
                    "provider": "provider.aws"
                },
                "aws_kinesis_stream.collector_good": {
                    "type": "aws_kinesis_stream",
                    "depends_on": [],
                    "primary": {
                        "id": "arn:aws:kinesis:us-east-1:329442876070:stream/prod-bostata-sp-collector-good",
                        "attributes": {
                            "arn": "arn:aws:kinesis:us-east-1:329442876070:stream/prod-bostata-sp-collector-good",
                            "encryption_type": "NONE",
                            "id": "arn:aws:kinesis:us-east-1:329442876070:stream/prod-bostata-sp-collector-good",
                            "kms_key_id": "",
                            "name": "prod-bostata-sp-collector-good",
                            "retention_period": "24",
                            "shard_count": "1",
                            "shard_level_metrics.#": "2",
                            "shard_level_metrics.123700221": "IncomingBytes",
                            "shard_level_metrics.1625074920": "OutgoingBytes",
                            "tags.%": "4",
                            "tags.Department": "bostata",
                            "tags.Env": "prod",
                            "tags.Name": "prod-bostata-sp-collector-good",
                            "tags.System": "sp"
                        },
                        "meta": {
                            "e2bfb730-ecaa-11e6-8f88-34363bc7c4c0": {
                                "create": 300000000000,
                                "delete": 7200000000000,
                                "update": 7200000000000
                            }
                        },
                        "tainted": false
                    },
                    "deposed": [],
                    "provider": "provider.aws"
                },
                "aws_kinesis_stream.enricher_bad": {
                    "type": "aws_kinesis_stream",
                    "depends_on": [],
                    "primary": {
                        "id": "arn:aws:kinesis:us-east-1:329442876070:stream/prod-bostata-sp-enricher-bad",
                        "attributes": {
                            "arn": "arn:aws:kinesis:us-east-1:329442876070:stream/prod-bostata-sp-enricher-bad",
                            "encryption_type": "NONE",
                            "id": "arn:aws:kinesis:us-east-1:329442876070:stream/prod-bostata-sp-enricher-bad",
                            "kms_key_id": "",
                            "name": "prod-bostata-sp-enricher-bad",
                            "retention_period": "24",
                            "shard_count": "1",
                            "shard_level_metrics.#": "2",
                            "shard_level_metrics.123700221": "IncomingBytes",
                            "shard_level_metrics.1625074920": "OutgoingBytes",
                            "tags.%": "4",
                            "tags.Department": "bostata",
                            "tags.Env": "prod",
                            "tags.Name": "prod-bostata-sp-enricher-bad",
                            "tags.System": "sp"
                        },
                        "meta": {
                            "e2bfb730-ecaa-11e6-8f88-34363bc7c4c0": {
                                "create": 300000000000,
                                "delete": 7200000000000,
                                "update": 7200000000000
                            }
                        },
                        "tainted": false
                    },
                    "deposed": [],
                    "provider": "provider.aws"
                },
                "aws_kinesis_stream.enricher_good": {
                    "type": "aws_kinesis_stream",
                    "depends_on": [],
                    "primary": {
                        "id": "arn:aws:kinesis:us-east-1:329442876070:stream/prod-bostata-sp-enricher-good",
                        "attributes": {
                            "arn": "arn:aws:kinesis:us-east-1:329442876070:stream/prod-bostata-sp-enricher-good",
                            "encryption_type": "NONE",
                            "id": "arn:aws:kinesis:us-east-1:329442876070:stream/prod-bostata-sp-enricher-good",
                            "kms_key_id": "",
                            "name": "prod-bostata-sp-enricher-good",
                            "retention_period": "24",
                            "shard_count": "1",
                            "shard_level_metrics.#": "2",
                            "shard_level_metrics.123700221": "IncomingBytes",
                            "shard_level_metrics.1625074920": "OutgoingBytes",
                            "tags.%": "4",
                            "tags.Department": "bostata",
                            "tags.Env": "prod",
                            "tags.Name": "prod-bostata-sp-enricher-good",
                            "tags.System": "sp"
                        },
                        "meta": {
                            "e2bfb730-ecaa-11e6-8f88-34363bc7c4c0": {
                                "create": 300000000000,
                                "delete": 7200000000000,
                                "update": 7200000000000
                            }
                        },
                        "tainted": false
                    },
                    "deposed": [],
                    "provider": "provider.aws"
                },
                "aws_kinesis_stream.enricher_pii": {
                    "type": "aws_kinesis_stream",
                    "depends_on": [],
                    "primary": {
                        "id": "arn:aws:kinesis:us-east-1:329442876070:stream/prod-bostata-sp-enricher-pii",
                        "attributes": {
                            "arn": "arn:aws:kinesis:us-east-1:329442876070:stream/prod-bostata-sp-enricher-pii",
                            "encryption_type": "NONE",
                            "id": "arn:aws:kinesis:us-east-1:329442876070:stream/prod-bostata-sp-enricher-pii",
                            "kms_key_id": "",
                            "name": "prod-bostata-sp-enricher-pii",
                            "retention_period": "24",
                            "shard_count": "1",
                            "shard_level_metrics.#": "2",
                            "shard_level_metrics.123700221": "IncomingBytes",
                            "shard_level_metrics.1625074920": "OutgoingBytes",
                            "tags.%": "4",
                            "tags.Department": "bostata",
                            "tags.Env": "prod",
                            "tags.Name": "prod-bostata-sp-enricher-pii",
                            "tags.System": "sp"
                        },
                        "meta": {
                            "e2bfb730-ecaa-11e6-8f88-34363bc7c4c0": {
                                "create": 300000000000,
                                "delete": 7200000000000,
                                "update": 7200000000000
                            }
                        },
                        "tainted": false
                    },
                    "deposed": [],
                    "provider": "provider.aws"
                },
                "aws_security_group.instance_http_sg": {
                    "type": "aws_security_group",
                    "depends_on": [
                        "aws_security_group.lb_sg"
                    ],
                    "primary": {
                        "id": "sg-0073628f6fd51d24f",
                        "attributes": {
                            "arn": "arn:aws:ec2:us-east-1:329442876070:security-group/sg-0073628f6fd51d24f",
                            "description": "Access control for instances that listen on http port",
                            "egress.#": "1",
                            "egress.482069346.cidr_blocks.#": "1",
                            "egress.482069346.cidr_blocks.0": "0.0.0.0/0",
                            "egress.482069346.description": "",
                            "egress.482069346.from_port": "0",
                            "egress.482069346.ipv6_cidr_blocks.#": "0",
                            "egress.482069346.prefix_list_ids.#": "0",
                            "egress.482069346.protocol": "-1",
                            "egress.482069346.security_groups.#": "0",
                            "egress.482069346.self": "false",
                            "egress.482069346.to_port": "0",
                            "id": "sg-0073628f6fd51d24f",
                            "ingress.#": "4",
                            "ingress.1022656341.cidr_blocks.#": "1",
                            "ingress.1022656341.cidr_blocks.0": "74.78.41.33/32",
                            "ingress.1022656341.description": "",
                            "ingress.1022656341.from_port": "22",
                            "ingress.1022656341.ipv6_cidr_blocks.#": "0",
                            "ingress.1022656341.prefix_list_ids.#": "0",
                            "ingress.1022656341.protocol": "tcp",
                            "ingress.1022656341.security_groups.#": "0",
                            "ingress.1022656341.self": "false",
                            "ingress.1022656341.to_port": "22",
                            "ingress.3503049913.cidr_blocks.#": "0",
                            "ingress.3503049913.description": "",
                            "ingress.3503049913.from_port": "8080",
                            "ingress.3503049913.ipv6_cidr_blocks.#": "0",
                            "ingress.3503049913.prefix_list_ids.#": "0",
                            "ingress.3503049913.protocol": "tcp",
                            "ingress.3503049913.security_groups.#": "1",
                            "ingress.3503049913.security_groups.96887593": "sg-01b1fda67da47a92c",
                            "ingress.3503049913.self": "false",
                            "ingress.3503049913.to_port": "8080",
                            "ingress.3965103398.cidr_blocks.#": "1",
                            "ingress.3965103398.cidr_blocks.0": "74.78.41.33/32",
                            "ingress.3965103398.description": "",
                            "ingress.3965103398.from_port": "8080",
                            "ingress.3965103398.ipv6_cidr_blocks.#": "0",
                            "ingress.3965103398.prefix_list_ids.#": "0",
                            "ingress.3965103398.protocol": "tcp",
                            "ingress.3965103398.security_groups.#": "0",
                            "ingress.3965103398.self": "false",
                            "ingress.3965103398.to_port": "8080",
                            "ingress.963098821.cidr_blocks.#": "1",
                            "ingress.963098821.cidr_blocks.0": "74.78.41.33/32",
                            "ingress.963098821.description": "",
                            "ingress.963098821.from_port": "9100",
                            "ingress.963098821.ipv6_cidr_blocks.#": "0",
                            "ingress.963098821.prefix_list_ids.#": "0",
                            "ingress.963098821.protocol": "tcp",
                            "ingress.963098821.security_groups.#": "0",
                            "ingress.963098821.self": "false",
                            "ingress.963098821.to_port": "9100",
                            "name": "prod-bostata-sp-http",
                            "owner_id": "329442876070",
                            "revoke_rules_on_delete": "false",
                            "tags.%": "0",
                            "vpc_id": "vpc-098cb735cf5cab7b9"
                        },
                        "meta": {
                            "e2bfb730-ecaa-11e6-8f88-34363bc7c4c0": {
                                "create": 600000000000,
                                "delete": 600000000000
                            },
                            "schema_version": "1"
                        },
                        "tainted": false
                    },
                    "deposed": [],
                    "provider": "provider.aws"
                },
                "aws_security_group.instance_no_http_sg": {
                    "type": "aws_security_group",
                    "depends_on": [],
                    "primary": {
                        "id": "sg-0c7ce3b427882e31b",
                        "attributes": {
                            "arn": "arn:aws:ec2:us-east-1:329442876070:security-group/sg-0c7ce3b427882e31b",
                            "description": "Access control for instances that do not listen on any http port",
                            "egress.#": "1",
                            "egress.482069346.cidr_blocks.#": "1",
                            "egress.482069346.cidr_blocks.0": "0.0.0.0/0",
                            "egress.482069346.description": "",
                            "egress.482069346.from_port": "0",
                            "egress.482069346.ipv6_cidr_blocks.#": "0",
                            "egress.482069346.prefix_list_ids.#": "0",
                            "egress.482069346.protocol": "-1",
                            "egress.482069346.security_groups.#": "0",
                            "egress.482069346.self": "false",
                            "egress.482069346.to_port": "0",
                            "id": "sg-0c7ce3b427882e31b",
                            "ingress.#": "2",
                            "ingress.1022656341.cidr_blocks.#": "1",
                            "ingress.1022656341.cidr_blocks.0": "74.78.41.33/32",
                            "ingress.1022656341.description": "",
                            "ingress.1022656341.from_port": "22",
                            "ingress.1022656341.ipv6_cidr_blocks.#": "0",
                            "ingress.1022656341.prefix_list_ids.#": "0",
                            "ingress.1022656341.protocol": "tcp",
                            "ingress.1022656341.security_groups.#": "0",
                            "ingress.1022656341.self": "false",
                            "ingress.1022656341.to_port": "22",
                            "ingress.963098821.cidr_blocks.#": "1",
                            "ingress.963098821.cidr_blocks.0": "74.78.41.33/32",
                            "ingress.963098821.description": "",
                            "ingress.963098821.from_port": "9100",
                            "ingress.963098821.ipv6_cidr_blocks.#": "0",
                            "ingress.963098821.prefix_list_ids.#": "0",
                            "ingress.963098821.protocol": "tcp",
                            "ingress.963098821.security_groups.#": "0",
                            "ingress.963098821.self": "false",
                            "ingress.963098821.to_port": "9100",
                            "name": "prod-bostata-sp-no-http",
                            "owner_id": "329442876070",
                            "revoke_rules_on_delete": "false",
                            "tags.%": "0",
                            "vpc_id": "vpc-098cb735cf5cab7b9"
                        },
                        "meta": {
                            "e2bfb730-ecaa-11e6-8f88-34363bc7c4c0": {
                                "create": 600000000000,
                                "delete": 600000000000
                            },
                            "schema_version": "1"
                        },
                        "tainted": false
                    },
                    "deposed": [],
                    "provider": "provider.aws"
                },
                "aws_security_group.lb_sg": {
                    "type": "aws_security_group",
                    "depends_on": [],
                    "primary": {
                        "id": "sg-01b1fda67da47a92c",
                        "attributes": {
                            "arn": "arn:aws:ec2:us-east-1:329442876070:security-group/sg-01b1fda67da47a92c",
                            "description": "Access control to the load balancer",
                            "egress.#": "1",
                            "egress.482069346.cidr_blocks.#": "1",
                            "egress.482069346.cidr_blocks.0": "0.0.0.0/0",
                            "egress.482069346.description": "",
                            "egress.482069346.from_port": "0",
                            "egress.482069346.ipv6_cidr_blocks.#": "0",
                            "egress.482069346.prefix_list_ids.#": "0",
                            "egress.482069346.protocol": "-1",
                            "egress.482069346.security_groups.#": "0",
                            "egress.482069346.self": "false",
                            "egress.482069346.to_port": "0",
                            "id": "sg-01b1fda67da47a92c",
                            "ingress.#": "2",
                            "ingress.2214680975.cidr_blocks.#": "1",
                            "ingress.2214680975.cidr_blocks.0": "0.0.0.0/0",
                            "ingress.2214680975.description": "",
                            "ingress.2214680975.from_port": "80",
                            "ingress.2214680975.ipv6_cidr_blocks.#": "0",
                            "ingress.2214680975.prefix_list_ids.#": "0",
                            "ingress.2214680975.protocol": "tcp",
                            "ingress.2214680975.security_groups.#": "0",
                            "ingress.2214680975.self": "false",
                            "ingress.2214680975.to_port": "80",
                            "ingress.2617001939.cidr_blocks.#": "1",
                            "ingress.2617001939.cidr_blocks.0": "0.0.0.0/0",
                            "ingress.2617001939.description": "",
                            "ingress.2617001939.from_port": "443",
                            "ingress.2617001939.ipv6_cidr_blocks.#": "0",
                            "ingress.2617001939.prefix_list_ids.#": "0",
                            "ingress.2617001939.protocol": "tcp",
                            "ingress.2617001939.security_groups.#": "0",
                            "ingress.2617001939.self": "false",
                            "ingress.2617001939.to_port": "443",
                            "name": "prod-bostata-sp-lb-sg",
                            "owner_id": "329442876070",
                            "revoke_rules_on_delete": "false",
                            "tags.%": "0",
                            "vpc_id": "vpc-098cb735cf5cab7b9"
                        },
                        "meta": {
                            "e2bfb730-ecaa-11e6-8f88-34363bc7c4c0": {
                                "create": 600000000000,
                                "delete": 600000000000
                            },
                            "schema_version": "1"
                        },
                        "tainted": false
                    },
                    "deposed": [],
                    "provider": "provider.aws"
                },
                "data.template_file.collector_cloud_config": {
                    "type": "template_file",
                    "depends_on": [
                        "aws_iam_access_key.operator_key"
                    ],
                    "primary": {
                        "id": "fe87ece320b1e7350cad1be76913e9aabcf011aac1403af61cbc698203727eca",
                        "attributes": {
                            "id": "fe87ece320b1e7350cad1be76913e9aabcf011aac1403af61cbc698203727eca",
                            "rendered": "#cloud-config\npackage_update: true\npackage_upgrade: true\n\n\npackages:\n    - awscli\n    - unzip\n    - prometheus-node-exporter\n\n\nwrite_files:\n    - content: |\n            collector {\n              interface = \"0.0.0.0\"\n              port = 8080\n              p3p {\n                policyRef = \"/w3c/p3p.xml\"\n                CP = \"NOI DSP COR NID PSA OUR IND COM NAV STA\"\n              }\n              crossDomain {\n                enabled = false\n                domains = [ \"*\" ]\n                secure = true\n              }\n\n              cookie {\n                enabled = true\n                expiration = \"365 days\"\n                name = \"sp-nuid\"\n                #domain = \"{{cookieDomain}}\"\n              }\n\n              doNotTrackCookie {\n                enabled = false\n                name = \"dnt\"\n                value = \"1\"\n              }\n\n              cookieBounce {\n                enabled = false\n                name = \"n3pc\"\n                fallbackNetworkUserId = \"00000000-0000-4000-A000-000000000000\"\n                forwardedProtocolHeader = \"X-Forwarded-Proto\"\n              }\n\n              redirectMacro {\n                enabled = false\n                placeholder = \"[TOKEN]\"\n              }\n\n              rootResponse {\n                enabled = false\n                statusCode = 302\n                headers = {\n                    Location = \"https://127.0.0.1/\",\n                    X-Custom = \"something\"\n                }\n                body = \"302, redirecting\"\n              }\n\n              streams {\n                good = \"prod-bostata-sp-collector-good\"\n                bad = \"prod-bostata-sp-collector-bad\"\n                useIpAddressAsPartitionKey = false\n                sink {\n                  enabled = kinesis\n                  region = \"us-east-1\"\n                  threadPoolSize = 10\n                  aws {\n                    accessKey = \"AKIAJM52ULPGJYZZIJDA\"\n                    secretKey = \"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\"\n                  }\n                  backoffPolicy {\n                    minBackoff = 1000\n                    maxBackoff = 10000\n                  }\n                }\n\n                buffer {\n                  byteLimit = 300000\n                  recordLimit = 5\n                  timeLimit = 5000\n                }\n              }\n            }\n\n            akka {\n              loglevel = DEBUG # 'OFF' for no logging, 'DEBUG' for all logging.\n              loggers = [\"akka.event.slf4j.Slf4jLogger\"]\n              http.server {\n                remote-address-header = on\n                raw-request-uri-header = on\n                parsing {\n                  max-uri-length = 32768\n                  uri-parsing-mode = relaxed\n                }\n              }\n            }\n      path: \"/opt/snowplow/config.hocon\"\n\n    - content: |\n            [Unit]\n            Description=Snowplow collector daemon\n            After=network.target\n\n            [Service]\n            PermissionsStartOnly=true\n            User=ubuntu\n            Group=ubuntu\n            ExecStartPre=/bin/chown -R ubuntu:ubuntu /opt/snowplow\n            ExecStartPre=/bin/mkdir /run/snowplow-collector\n            ExecStartPre=/bin/chown -R ubuntu:ubuntu /run/snowplow-collector\n            ExecStart=/usr/bin/java -jar /opt/snowplow/snowplow-stream-collector-kinesis-0.14.0.jar --config /opt/snowplow/config.hocon\n            ExecStop=/bin/kill -s TERM $MAINPID\n            ExecStopPost=/bin/rm -rf /run/snowplow-collector\n            Restart=always\n            RestartSec=5s\n\n            [Install]\n            WantedBy=multi-user.target\n      path: \"/etc/systemd/system/snowplow-collector.service\"\n\n\nruncmd:\n    - [sh, -c, \"sudo apt-get install default-jre -y\"]\n    - [sh, -c, \"sudo mkdir /opt/snowplow\"]\n    - [sh, -c, \"wget https://bintray.com/snowplow/snowplow-generic/download_file?file_path=snowplow_scala_stream_collector_kinesis_0.14.0.zip -O snowplow.zip\"]\n    - [sh, -c, \"unzip snowplow.zip\"]\n    - [sh, -c, \"mv snowplow-stream-collector-kinesis-0.14.0.jar /opt/snowplow/\"]\n    - [ systemctl, daemon-reload ]\n    - [ systemctl, enable, prometheus-node-exporter ]\n    - [ systemctl, enable, snowplow-collector.service ]\n    - [ systemctl, start, prometheus-node-exporter ]\n\n\npower_state:\n    delay: \"+0\"\n    mode: reboot\n    message: rebooting\n    timeout: 15    \n",
                            "template": "#cloud-config\npackage_update: true\npackage_upgrade: true\n\n\npackages:\n    - awscli\n    - unzip\n    - prometheus-node-exporter\n\n\nwrite_files:\n    - content: |\n            collector {\n              interface = \"0.0.0.0\"\n              port = ${snowplow_collector_ingress_port}\n              p3p {\n                policyRef = \"/w3c/p3p.xml\"\n                CP = \"NOI DSP COR NID PSA OUR IND COM NAV STA\"\n              }\n              crossDomain {\n                enabled = false\n                domains = [ \"*\" ]\n                secure = true\n              }\n\n              cookie {\n                enabled = true\n                expiration = \"365 days\"\n                name = \"sp-nuid\"\n                #domain = \"{{cookieDomain}}\"\n              }\n\n              doNotTrackCookie {\n                enabled = false\n                name = \"dnt\"\n                value = \"1\"\n              }\n\n              cookieBounce {\n                enabled = false\n                name = \"n3pc\"\n                fallbackNetworkUserId = \"00000000-0000-4000-A000-000000000000\"\n                forwardedProtocolHeader = \"X-Forwarded-Proto\"\n              }\n\n              redirectMacro {\n                enabled = false\n                placeholder = \"[TOKEN]\"\n              }\n\n              rootResponse {\n                enabled = false\n                statusCode = 302\n                headers = {\n                    Location = \"https://127.0.0.1/\",\n                    X-Custom = \"something\"\n                }\n                body = \"302, redirecting\"\n              }\n\n              streams {\n                good = \"${env}-${department}-${snowplow_system_tag}-${snowplow_collector_good_stream}\"\n                bad = \"${env}-${department}-${snowplow_system_tag}-${snowplow_collector_bad_stream}\"\n                useIpAddressAsPartitionKey = false\n                sink {\n                  enabled = kinesis\n                  region = \"${aws_region}\"\n                  threadPoolSize = 10\n                  aws {\n                    accessKey = \"${operator_access_key_id}\"\n                    secretKey = \"${operator_secret_access_key}\"\n                  }\n                  backoffPolicy {\n                    minBackoff = 1000\n                    maxBackoff = 10000\n                  }\n                }\n\n                buffer {\n                  byteLimit = 300000\n                  recordLimit = 5\n                  timeLimit = 5000\n                }\n              }\n            }\n\n            akka {\n              loglevel = DEBUG # 'OFF' for no logging, 'DEBUG' for all logging.\n              loggers = [\"akka.event.slf4j.Slf4jLogger\"]\n              http.server {\n                remote-address-header = on\n                raw-request-uri-header = on\n                parsing {\n                  max-uri-length = 32768\n                  uri-parsing-mode = relaxed\n                }\n              }\n            }\n      path: \"${snowplow_home}/config.hocon\"\n\n    - content: |\n            [Unit]\n            Description=Snowplow collector daemon\n            After=network.target\n\n            [Service]\n            PermissionsStartOnly=true\n            User=${snowplow_service_user}\n            Group=${snowplow_service_group}\n            ExecStartPre=/bin/chown -R ${snowplow_service_user}:${snowplow_service_group} ${snowplow_home}\n            ExecStartPre=/bin/mkdir /run/snowplow-collector\n            ExecStartPre=/bin/chown -R ${snowplow_service_user}:${snowplow_service_group} /run/snowplow-collector\n            ExecStart=/usr/bin/java -jar ${snowplow_home}/snowplow-stream-collector-kinesis-${snowplow_collector_version}.jar --config ${snowplow_home}/config.hocon\n            ExecStop=/bin/kill -s TERM $MAINPID\n            ExecStopPost=/bin/rm -rf /run/snowplow-collector\n            Restart=always\n            RestartSec=5s\n\n            [Install]\n            WantedBy=multi-user.target\n      path: \"/etc/systemd/system/snowplow-collector.service\"\n\n\nruncmd:\n    - [sh, -c, \"sudo apt-get install default-jre -y\"]\n    - [sh, -c, \"sudo mkdir ${snowplow_home}\"]\n    - [sh, -c, \"wget https://bintray.com/snowplow/snowplow-generic/download_file?file_path=snowplow_scala_stream_collector_kinesis_${snowplow_collector_version}.zip -O snowplow.zip\"]\n    - [sh, -c, \"unzip snowplow.zip\"]\n    - [sh, -c, \"mv snowplow-stream-collector-kinesis-${snowplow_collector_version}.jar ${snowplow_home}/\"]\n    - [ systemctl, daemon-reload ]\n    - [ systemctl, enable, prometheus-node-exporter ]\n    - [ systemctl, enable, snowplow-collector.service ]\n    - [ systemctl, start, prometheus-node-exporter ]\n\n\npower_state:\n    delay: \"+0\"\n    mode: reboot\n    message: rebooting\n    timeout: 15    \n",
                            "vars.%": "13",
                            "vars.aws_region": "us-east-1",
                            "vars.department": "bostata",
                            "vars.env": "prod",
                            "vars.operator_access_key_id": "AKIAJM52ULPGJYZZIJDA",
                            "vars.operator_secret_access_key": "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",
                            "vars.snowplow_collector_bad_stream": "collector-bad",
                            "vars.snowplow_collector_good_stream": "collector-good",
                            "vars.snowplow_collector_ingress_port": "8080",
                            "vars.snowplow_collector_version": "0.14.0",
                            "vars.snowplow_home": "/opt/snowplow",
                            "vars.snowplow_service_group": "ubuntu",
                            "vars.snowplow_service_user": "ubuntu",
                            "vars.snowplow_system_tag": "sp"
                        },
                        "meta": {},
                        "tainted": false
                    },
                    "deposed": [],
                    "provider": "provider.template"
                },
                "data.template_file.enricher_cloud_config": {
                    "type": "template_file",
                    "depends_on": [
                        "aws_iam_access_key.operator_key"
                    ],
                    "primary": {
                        "id": "dae3cedd059272f8fb09c885164b07beae3c9e989663ec95d7cd94acdb240694",
                        "attributes": {
                            "id": "dae3cedd059272f8fb09c885164b07beae3c9e989663ec95d7cd94acdb240694",
                            "rendered": "#cloud-config\npackage_update: true\npackage_upgrade: true\n\n\npackages:\n    - awscli\n    - unzip\n    - prometheus-node-exporter\n\n\nwrite_files:\n    - content: |\n          enrich {\n            streams {\n              in {\n                raw = \"prod-bostata-sp-collector-good\"\n              }\n              out {\n                enriched = \"prod-bostata-sp-enricher-good\"\n                bad = \"prod-bostata-sp-enricher-bad\"\n                pii = \"prod-bostata-sp-enricher-pii\"\n                partitionKey = event_id\n              }\n\n              sourceSink {\n                enabled =  kinesis\n\n                region = \"us-east-1\"\n                aws {\n                  accessKey = \"AKIAJM52ULPGJYZZIJDA\"\n                  secretKey = \"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\"\n                }\n                maxRecords = 10000\n                initialPosition = TRIM_HORIZON\n                #initialTimestamp = \"{{initialTimestamp}}\"\n                backoffPolicy {\n                  minBackoff = 1000\n                  maxBackoff = 10000\n                }\n                retries = 5\n              }\n\n              buffer {\n                byteLimit = 300000\n                recordLimit = 5\n                timeLimit = 5000\n              }\n              appName = \"enricher-checkpoint\"\n            }\n            # monitoring {\n            #   snowplow {\n            #     collectorUri = \"{{collectorUri}}\"\n            #     collectorPort = 80\n            #     appId = {{enrichAppName}}\n            #     method = GET\n            #   }\n            # }\n          }\n\n      path: \"/opt/snowplow/config.hocon\"\n\n\nruncmd:\n    - [sh, -c, \"sudo apt-get install default-jre -y\"]\n    - [sh, -c, \"sudo mkdir /opt/snowplow\"]\n    - [sh, -c, \"wget https://bintray.com/snowplow/snowplow-generic/download_file?file_path=snowplow_stream_enrich_kinesis_0.13.0.zip -O snowplow.zip\"]\n    - [sh, -c, \"unzip snowplow.zip\"]\n    - [sh, -c, \"mv snowplow-stream-enrich-kinesis-0.13.0.jar /opt/snowplow/\"]\n    - [ systemctl, daemon-reload ]\n    - [ systemctl, enable, prometheus-node-exporter ]\n    - [ systemctl, start, prometheus-node-exporter ]\n\n\npower_state:\n    delay: \"+0\"\n    mode: reboot\n    message: rebooting\n    timeout: 15    \n",
                            "template": "#cloud-config\npackage_update: true\npackage_upgrade: true\n\n\npackages:\n    - awscli\n    - unzip\n    - prometheus-node-exporter\n\n\nwrite_files:\n    - content: |\n          enrich {\n            streams {\n              in {\n                raw = \"${env}-${department}-${snowplow_system_tag}-${snowplow_collector_good_stream}\"\n              }\n              out {\n                enriched = \"${env}-${department}-${snowplow_system_tag}-${snowplow_enricher_good_stream}\"\n                bad = \"${env}-${department}-${snowplow_system_tag}-${snowplow_enricher_bad_stream}\"\n                pii = \"${env}-${department}-${snowplow_system_tag}-${snowplow_enricher_pii_stream}\"\n                partitionKey = event_id\n              }\n\n              sourceSink {\n                enabled =  kinesis\n\n                region = \"${aws_region}\"\n                aws {\n                  accessKey = \"${operator_access_key_id}\"\n                  secretKey = \"${operator_secret_access_key}\"\n                }\n                maxRecords = 10000\n                initialPosition = TRIM_HORIZON\n                #initialTimestamp = \"{{initialTimestamp}}\"\n                backoffPolicy {\n                  minBackoff = 1000\n                  maxBackoff = 10000\n                }\n                retries = 5\n              }\n\n              buffer {\n                byteLimit = 300000\n                recordLimit = 5\n                timeLimit = 5000\n              }\n              appName = \"${snowplow_enricher_checkpoint_table}\"\n            }\n            # monitoring {\n            #   snowplow {\n            #     collectorUri = \"{{collectorUri}}\"\n            #     collectorPort = 80\n            #     appId = {{enrichAppName}}\n            #     method = GET\n            #   }\n            # }\n          }\n\n      path: \"${snowplow_home}/config.hocon\"\n\n\nruncmd:\n    - [sh, -c, \"sudo apt-get install default-jre -y\"]\n    - [sh, -c, \"sudo mkdir ${snowplow_home}\"]\n    - [sh, -c, \"wget https://bintray.com/snowplow/snowplow-generic/download_file?file_path=snowplow_stream_enrich_kinesis_${snowplow_enricher_version}.zip -O snowplow.zip\"]\n    - [sh, -c, \"unzip snowplow.zip\"]\n    - [sh, -c, \"mv snowplow-stream-enrich-kinesis-${snowplow_enricher_version}.jar ${snowplow_home}/\"]\n    - [ systemctl, daemon-reload ]\n    - [ systemctl, enable, prometheus-node-exporter ]\n    - [ systemctl, start, prometheus-node-exporter ]\n\n\npower_state:\n    delay: \"+0\"\n    mode: reboot\n    message: rebooting\n    timeout: 15    \n",
                            "vars.%": "15",
                            "vars.aws_region": "us-east-1",
                            "vars.department": "bostata",
                            "vars.env": "prod",
                            "vars.operator_access_key_id": "AKIAJM52ULPGJYZZIJDA",
                            "vars.operator_secret_access_key": "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",
                            "vars.snowplow_collector_good_stream": "collector-good",
                            "vars.snowplow_enricher_bad_stream": "enricher-bad",
                            "vars.snowplow_enricher_checkpoint_table": "enricher-checkpoint",
                            "vars.snowplow_enricher_good_stream": "enricher-good",
                            "vars.snowplow_enricher_pii_stream": "enricher-pii",
                            "vars.snowplow_enricher_version": "0.13.0",
                            "vars.snowplow_home": "/opt/snowplow",
                            "vars.snowplow_service_group": "ubuntu",
                            "vars.snowplow_service_user": "ubuntu",
                            "vars.snowplow_system_tag": "sp"
                        },
                        "meta": {},
                        "tainted": false
                    },
                    "deposed": [],
                    "provider": "provider.template"
                }
            },
            "depends_on": []
        },
        {
            "path": [
                "root",
                "vpc"
            ],
            "outputs": {
                "subnets": {
                    "sensitive": false,
                    "type": "list",
                    "value": [
                        "subnet-05345261490fd83c8",
                        "subnet-08faafa16bf94e205"
                    ]
                },
                "vpc_arn": {
                    "sensitive": false,
                    "type": "string",
                    "value": "arn:aws:ec2:us-east-1:329442876070:vpc/vpc-098cb735cf5cab7b9"
                },
                "vpc_cidr_block": {
                    "sensitive": false,
                    "type": "string",
                    "value": "10.0.0.0/16"
                },
                "vpc_id": {
                    "sensitive": false,
                    "type": "string",
                    "value": "vpc-098cb735cf5cab7b9"
                }
            },
            "resources": {
                "aws_internet_gateway.gw": {
                    "type": "aws_internet_gateway",
                    "depends_on": [
                        "aws_vpc.vpc"
                    ],
                    "primary": {
                        "id": "igw-0797efc9b8aee2ecb",
                        "attributes": {
                            "id": "igw-0797efc9b8aee2ecb",
                            "tags.%": "1",
                            "tags.Name": "prod_infra_gateway",
                            "vpc_id": "vpc-098cb735cf5cab7b9"
                        },
                        "meta": {},
                        "tainted": false
                    },
                    "deposed": [],
                    "provider": "provider.aws"
                },
                "aws_route_table.rt": {
                    "type": "aws_route_table",
                    "depends_on": [
                        "aws_internet_gateway.gw",
                        "aws_vpc.vpc"
                    ],
                    "primary": {
                        "id": "rtb-09d4eb62a2ae6f67b",
                        "attributes": {
                            "id": "rtb-09d4eb62a2ae6f67b",
                            "propagating_vgws.#": "0",
                            "route.#": "1",
                            "route.1200602496.cidr_block": "0.0.0.0/0",
                            "route.1200602496.egress_only_gateway_id": "",
                            "route.1200602496.gateway_id": "igw-0797efc9b8aee2ecb",
                            "route.1200602496.instance_id": "",
                            "route.1200602496.ipv6_cidr_block": "",
                            "route.1200602496.nat_gateway_id": "",
                            "route.1200602496.network_interface_id": "",
                            "route.1200602496.vpc_peering_connection_id": "",
                            "tags.%": "0",
                            "vpc_id": "vpc-098cb735cf5cab7b9"
                        },
                        "meta": {},
                        "tainted": false
                    },
                    "deposed": [],
                    "provider": "provider.aws"
                },
                "aws_route_table_association.rta.0": {
                    "type": "aws_route_table_association",
                    "depends_on": [
                        "aws_route_table.rt",
                        "aws_subnet.subn.*"
                    ],
                    "primary": {
                        "id": "rtbassoc-05c5ea62048a3437d",
                        "attributes": {
                            "id": "rtbassoc-05c5ea62048a3437d",
                            "route_table_id": "rtb-09d4eb62a2ae6f67b",
                            "subnet_id": "subnet-05345261490fd83c8"
                        },
                        "meta": {},
                        "tainted": false
                    },
                    "deposed": [],
                    "provider": "provider.aws"
                },
                "aws_route_table_association.rta.1": {
                    "type": "aws_route_table_association",
                    "depends_on": [
                        "aws_route_table.rt",
                        "aws_subnet.subn.*"
                    ],
                    "primary": {
                        "id": "rtbassoc-0b66321a886ae810a",
                        "attributes": {
                            "id": "rtbassoc-0b66321a886ae810a",
                            "route_table_id": "rtb-09d4eb62a2ae6f67b",
                            "subnet_id": "subnet-08faafa16bf94e205"
                        },
                        "meta": {},
                        "tainted": false
                    },
                    "deposed": [],
                    "provider": "provider.aws"
                },
                "aws_subnet.subn.0": {
                    "type": "aws_subnet",
                    "depends_on": [
                        "aws_vpc.vpc",
                        "data.aws_availability_zones.available"
                    ],
                    "primary": {
                        "id": "subnet-05345261490fd83c8",
                        "attributes": {
                            "arn": "arn:aws:ec2:us-east-1:329442876070:subnet/subnet-05345261490fd83c8",
                            "assign_ipv6_address_on_creation": "false",
                            "availability_zone": "us-east-1a",
                            "cidr_block": "10.0.0.0/24",
                            "id": "subnet-05345261490fd83c8",
                            "map_public_ip_on_launch": "false",
                            "tags.%": "2",
                            "tags.Env": "prod",
                            "tags.Name": "prod-infra-us-east-1a",
                            "vpc_id": "vpc-098cb735cf5cab7b9"
                        },
                        "meta": {
                            "e2bfb730-ecaa-11e6-8f88-34363bc7c4c0": {
                                "create": 600000000000,
                                "delete": 600000000000
                            },
                            "schema_version": "1"
                        },
                        "tainted": false
                    },
                    "deposed": [],
                    "provider": "provider.aws"
                },
                "aws_subnet.subn.1": {
                    "type": "aws_subnet",
                    "depends_on": [
                        "aws_vpc.vpc",
                        "data.aws_availability_zones.available"
                    ],
                    "primary": {
                        "id": "subnet-08faafa16bf94e205",
                        "attributes": {
                            "arn": "arn:aws:ec2:us-east-1:329442876070:subnet/subnet-08faafa16bf94e205",
                            "assign_ipv6_address_on_creation": "false",
                            "availability_zone": "us-east-1b",
                            "cidr_block": "10.0.1.0/24",
                            "id": "subnet-08faafa16bf94e205",
                            "map_public_ip_on_launch": "false",
                            "tags.%": "2",
                            "tags.Env": "prod",
                            "tags.Name": "prod-infra-us-east-1b",
                            "vpc_id": "vpc-098cb735cf5cab7b9"
                        },
                        "meta": {
                            "e2bfb730-ecaa-11e6-8f88-34363bc7c4c0": {
                                "create": 600000000000,
                                "delete": 600000000000
                            },
                            "schema_version": "1"
                        },
                        "tainted": false
                    },
                    "deposed": [],
                    "provider": "provider.aws"
                },
                "aws_vpc.vpc": {
                    "type": "aws_vpc",
                    "depends_on": [],
                    "primary": {
                        "id": "vpc-098cb735cf5cab7b9",
                        "attributes": {
                            "arn": "arn:aws:ec2:us-east-1:329442876070:vpc/vpc-098cb735cf5cab7b9",
                            "assign_generated_ipv6_cidr_block": "false",
                            "cidr_block": "10.0.0.0/16",
                            "default_network_acl_id": "acl-0b643be2a7fde1ee5",
                            "default_route_table_id": "rtb-0c4018bdfdd53c236",
                            "default_security_group_id": "sg-0303b4af9ac50e105",
                            "dhcp_options_id": "dopt-203fea46",
                            "enable_classiclink": "false",
                            "enable_classiclink_dns_support": "false",
                            "enable_dns_hostnames": "false",
                            "enable_dns_support": "true",
                            "id": "vpc-098cb735cf5cab7b9",
                            "instance_tenancy": "default",
                            "main_route_table_id": "rtb-0c4018bdfdd53c236",
                            "tags.%": "1",
                            "tags.Name": "prod-infra"
                        },
                        "meta": {
                            "schema_version": "1"
                        },
                        "tainted": false
                    },
                    "deposed": [],
                    "provider": "provider.aws"
                },
                "data.aws_availability_zones.available": {
                    "type": "aws_availability_zones",
                    "depends_on": [],
                    "primary": {
                        "id": "2018-10-06 18:22:28.669331 +0000 UTC",
                        "attributes": {
                            "id": "2018-10-06 18:22:28.669331 +0000 UTC",
                            "names.#": "6",
                            "names.0": "us-east-1a",
                            "names.1": "us-east-1b",
                            "names.2": "us-east-1c",
                            "names.3": "us-east-1d",
                            "names.4": "us-east-1e",
                            "names.5": "us-east-1f"
                        },
                        "meta": {},
                        "tainted": false
                    },
                    "deposed": [],
                    "provider": "provider.aws"
                }
            },
            "depends_on": []
        }
    ]
}
