{
    "version": 3,
    "terraform_version": "0.11.8",
    "serial": 47,
    "lineage": "3bf84d63-9d55-b15e-9262-6bcd3bcd774f",
    "modules": [
        {
            "path": [
                "root"
            ],
            "outputs": {},
            "resources": {},
            "depends_on": []
        },
        {
            "path": [
                "root",
                "snowplow"
            ],
            "outputs": {},
            "resources": {
                "aws_s3_bucket.delivery_bucket": {
                    "type": "aws_s3_bucket",
                    "depends_on": [],
                    "primary": {
                        "id": "prod-bostata-sp-collector-logs",
                        "attributes": {
                            "acceleration_status": "",
                            "acl": "private",
                            "arn": "arn:aws:s3:::prod-bostata-sp-collector-logs",
                            "bucket": "prod-bostata-sp-collector-logs",
                            "bucket_domain_name": "prod-bostata-sp-collector-logs.s3.amazonaws.com",
                            "bucket_regional_domain_name": "prod-bostata-sp-collector-logs.s3.amazonaws.com",
                            "cors_rule.#": "0",
                            "force_destroy": "false",
                            "hosted_zone_id": "Z3AQBSTGFYJSTF",
                            "id": "prod-bostata-sp-collector-logs",
                            "lifecycle_rule.#": "0",
                            "logging.#": "0",
                            "region": "us-east-1",
                            "replication_configuration.#": "0",
                            "request_payer": "BucketOwner",
                            "server_side_encryption_configuration.#": "0",
                            "tags.%": "0",
                            "versioning.#": "1",
                            "versioning.0.enabled": "false",
                            "versioning.0.mfa_delete": "false",
                            "website.#": "0"
                        },
                        "meta": {},
                        "tainted": false
                    },
                    "deposed": [],
                    "provider": "provider.aws"
                }
            },
            "depends_on": []
        },
        {
            "path": [
                "root",
                "vpc"
            ],
            "outputs": {},
            "resources": {},
            "depends_on": []
        }
    ]
}
